
Microsoft Visual Studio Solution File, Format Version 12.00
# Visual Studio Version 16
VisualStudioVersion = 16.0.29424.173
MinimumVisualStudioVersion = 10.0.40219.1
Project("{FAE04EC0-301F-11D3-BF4B-00C04F79EFBC}") = "ConsoleAppCore", "ConsoleAppCore.csproj", "{305DE7C8-9001-462A-9E46-BF344B7D9565}"
EndProject
Global
	GlobalSection(SolutionConfigurationPlatforms) = preSolution
		Debug|Any CPU = Debug|Any CPU
		Release|Any CPU = Release|Any CPU
	EndGlobalSection
	GlobalSection(ProjectConfigurationPlatforms) = postSolution
		{305DE7C8-9001-462A-9E46-BF344B7D9565}.Debug|Any CPU.ActiveCfg = Debug|Any CPU
		{305DE7C8-9001-462A-9E46-BF344B7D9565}.Debug|Any CPU.Build.0 = Debug|Any CPU
		{305DE7C8-9001-462A-9E46-BF344B7D9565}.Release|Any CPU.ActiveCfg = Release|Any CPU
		{305DE7C8-9001-462A-9E46-BF344B7D9565}.Release|Any CPU.Build.0 = Release|Any CPU
	EndGlobalSection
	GlobalSection(SolutionProperties) = preSolution
		HideSolutionNode = FALSE
	EndGlobalSection
	GlobalSection(ExtensibilityGlobals) = postSolution
		SolutionGuid = {72F30AA7-8590-4FFF-A13B-1100060129A8}
	EndGlobalSection
EndGlobal
