
Microsoft Visual Studio Solution File, Format Version 12.00
# Visual Studio Version 17
VisualStudioVersion = 17.2.32616.157
MinimumVisualStudioVersion = 10.0.40219.1
Project("{9A19103F-16F7-4668-BE54-9A1E7A4F7556}") = "WinForms DemoPackager", "WinForms DemoPackager.csproj", "{49C547C8-9FFF-4E27-A8A7-DDD2A7538BA5}"
EndProject
Global
	GlobalSection(SolutionConfigurationPlatforms) = preSolution
		Debug|Any CPU = Debug|Any CPU
		Release|Any CPU = Release|Any CPU
	EndGlobalSection
	GlobalSection(ProjectConfigurationPlatforms) = postSolution
		{49C547C8-9FFF-4E27-A8A7-DDD2A7538BA5}.Debug|Any CPU.ActiveCfg = Debug|Any CPU
		{49C547C8-9FFF-4E27-A8A7-DDD2A7538BA5}.Debug|Any CPU.Build.0 = Debug|Any CPU
		{49C547C8-9FFF-4E27-A8A7-DDD2A7538BA5}.Release|Any CPU.ActiveCfg = Release|Any CPU
		{49C547C8-9FFF-4E27-A8A7-DDD2A7538BA5}.Release|Any CPU.Build.0 = Release|Any CPU
	EndGlobalSection
	GlobalSection(SolutionProperties) = preSolution
		HideSolutionNode = FALSE
	EndGlobalSection
	GlobalSection(ExtensibilityGlobals) = postSolution
		SolutionGuid = {464912CD-FF2F-4A58-B370-82DD45D2F5D6}
	EndGlobalSection
EndGlobal
