
Microsoft Visual Studio Solution File, Format Version 12.00
# Visual Studio Version 16
VisualStudioVersion = 16.0.29519.87
MinimumVisualStudioVersion = 10.0.40219.1
Project("{9A19103F-16F7-4668-BE54-9A1E7A4F7556}") = "WindowsFormsAppCore", "WindowsFormsAppCore\WindowsFormsAppCore.csproj", "{FF2B92E3-71B8-43B5-A6A0-993A03E88C73}"
EndProject
Project("{9A19103F-16F7-4668-BE54-9A1E7A4F7556}") = "ScottPlot.WinForms", "..\..\src\ScottPlot.WinForms\ScottPlot.WinForms.csproj", "{C1DCA344-5641-4254-BD8F-80B6285E2B00}"
EndProject
Global
	GlobalSection(SolutionConfigurationPlatforms) = preSolution
		Debug|Any CPU = Debug|Any CPU
		Release|Any CPU = Release|Any CPU
	EndGlobalSection
	GlobalSection(ProjectConfigurationPlatforms) = postSolution
		{FF2B92E3-71B8-43B5-A6A0-993A03E88C73}.Debug|Any CPU.ActiveCfg = Debug|Any CPU
		{FF2B92E3-71B8-43B5-A6A0-993A03E88C73}.Debug|Any CPU.Build.0 = Debug|Any CPU
		{FF2B92E3-71B8-43B5-A6A0-993A03E88C73}.Release|Any CPU.ActiveCfg = Release|Any CPU
		{FF2B92E3-71B8-43B5-A6A0-993A03E88C73}.Release|Any CPU.Build.0 = Release|Any CPU
		{C1DCA344-5641-4254-BD8F-80B6285E2B00}.Debug|Any CPU.ActiveCfg = Debug|Any CPU
		{C1DCA344-5641-4254-BD8F-80B6285E2B00}.Debug|Any CPU.Build.0 = Debug|Any CPU
		{C1DCA344-5641-4254-BD8F-80B6285E2B00}.Release|Any CPU.ActiveCfg = Release|Any CPU
		{C1DCA344-5641-4254-BD8F-80B6285E2B00}.Release|Any CPU.Build.0 = Release|Any CPU
	EndGlobalSection
	GlobalSection(SolutionProperties) = preSolution
		HideSolutionNode = FALSE
	EndGlobalSection
	GlobalSection(ExtensibilityGlobals) = postSolution
		SolutionGuid = {EDCA6B38-3C0D-45BE-BB56-8343F85FAB0F}
	EndGlobalSection
EndGlobal
