
Microsoft Visual Studio Solution File, Format Version 12.00
# Visual Studio Version 16
VisualStudioVersion = 16.0.29424.173
MinimumVisualStudioVersion = 10.0.40219.1
Project("{FAE04EC0-301F-11D3-BF4B-00C04F79EFBC}") = "WindowsFormsApp", "WindowsFormsApp.csproj", "{7897BE69-B5C1-4FB3-856E-BE61336BAF7F}"
EndProject
Global
	GlobalSection(SolutionConfigurationPlatforms) = preSolution
		Debug|Any CPU = Debug|Any CPU
		Release|Any CPU = Release|Any CPU
	EndGlobalSection
	GlobalSection(ProjectConfigurationPlatforms) = postSolution
		{7897BE69-B5C1-4FB3-856E-BE61336BAF7F}.Debug|Any CPU.ActiveCfg = Debug|Any CPU
		{7897BE69-B5C1-4FB3-856E-BE61336BAF7F}.Debug|Any CPU.Build.0 = Debug|Any CPU
		{7897BE69-B5C1-4FB3-856E-BE61336BAF7F}.Release|Any CPU.ActiveCfg = Release|Any CPU
		{7897BE69-B5C1-4FB3-856E-BE61336BAF7F}.Release|Any CPU.Build.0 = Release|Any CPU
	EndGlobalSection
	GlobalSection(SolutionProperties) = preSolution
		HideSolutionNode = FALSE
	EndGlobalSection
	GlobalSection(ExtensibilityGlobals) = postSolution
		SolutionGuid = {8A476DC9-49A6-45B9-9D46-31D0368DBF24}
	EndGlobalSection
EndGlobal
