
Microsoft Visual Studio Solution File, Format Version 12.00
# Visual Studio Version 16
VisualStudioVersion = 16.0.29424.173
MinimumVisualStudioVersion = 10.0.40219.1
Project("{FAE04EC0-301F-11D3-BF4B-00C04F79EFBC}") = "ConsoleAppFramework", "ConsoleAppFramework.csproj", "{602E4665-3F0D-4976-83B9-8F43E57ED292}"
EndProject
Global
	GlobalSection(SolutionConfigurationPlatforms) = preSolution
		Debug|Any CPU = Debug|Any CPU
		Release|Any CPU = Release|Any CPU
	EndGlobalSection
	GlobalSection(ProjectConfigurationPlatforms) = postSolution
		{602E4665-3F0D-4976-83B9-8F43E57ED292}.Debug|Any CPU.ActiveCfg = Debug|Any CPU
		{602E4665-3F0D-4976-83B9-8F43E57ED292}.Debug|Any CPU.Build.0 = Debug|Any CPU
		{602E4665-3F0D-4976-83B9-8F43E57ED292}.Release|Any CPU.ActiveCfg = Release|Any CPU
		{602E4665-3F0D-4976-83B9-8F43E57ED292}.Release|Any CPU.Build.0 = Release|Any CPU
	EndGlobalSection
	GlobalSection(SolutionProperties) = preSolution
		HideSolutionNode = FALSE
	EndGlobalSection
	GlobalSection(ExtensibilityGlobals) = postSolution
		SolutionGuid = {A1CD643E-3910-4012-B249-DC0441A62F0F}
	EndGlobalSection
EndGlobal
