
Microsoft Visual Studio Solution File, Format Version 12.00
# Visual Studio Version 17
VisualStudioVersion = 17.0.31717.71
MinimumVisualStudioVersion = 10.0.40219.1
Project("{9A19103F-16F7-4668-BE54-9A1E7A4F7556}") = "Sandbox.Eto", "ScottPlot5 Sandbox\Sandbox.Eto\Sandbox.Eto.csproj", "{BAB54E6C-7114-481D-8F5E-0EC668F1644A}"
EndProject
Project("{9A19103F-16F7-4668-BE54-9A1E7A4F7556}") = "Sandbox.WPF", "ScottPlot5 Sandbox\Sandbox.WPF\Sandbox.WPF.csproj", "{E4A9D4D9-2E09-4666-B742-8AF36C23E776}"
EndProject
Project("{9A19103F-16F7-4668-BE54-9A1E7A4F7556}") = "Sandbox.WinForms", "ScottPlot5 Sandbox\Sandbox.WinForms\Sandbox.WinForms.csproj", "{E3534AA4-E834-4648-83EF-94D667D17AEC}"
EndProject
Project("{9A19103F-16F7-4668-BE54-9A1E7A4F7556}") = "Sandbox.WinUI.Desktop", "ScottPlot5 Sandbox\Sandbox.WinUI.Desktop\Sandbox.WinUI.Desktop.csproj", "{09961DF4-5E0E-4779-B85E-0FD304267750}"
EndProject
Project("{9A19103F-16F7-4668-BE54-9A1E7A4F7556}") = "Sandbox.Console", "ScottPlot5 Sandbox\Sandbox.Console\Sandbox.Console.csproj", "{064EFAB5-AA1A-412C-8AFE-EAB00B760177}"
EndProject
Project("{9A19103F-16F7-4668-BE54-9A1E7A4F7556}") = "Sandbox.WinFormsFramework", "ScottPlot5 Sandbox\Sandbox.WinFormsFramework\Sandbox.WinFormsFramework.csproj", "{303848EC-00E7-4E82-BB37-736A7987976C}"
EndProject
Project("{9A19103F-16F7-4668-BE54-9A1E7A4F7556}") = "Sandbox.Avalonia.Desktop", "ScottPlot5 Sandbox\Sandbox.Avalonia.Desktop\Sandbox.Avalonia.Desktop.csproj", "{4DF526D7-0AD5-4FD0-8298-73ED3F69F45C}"
EndProject
Project("{9A19103F-16F7-4668-BE54-9A1E7A4F7556}") = "Sandbox.Blazor.WebAssembly", "ScottPlot5 Sandbox\Sandbox.Blazor.WebAssembly\Sandbox.Blazor.WebAssembly.csproj", "{9015EA2E-D20E-4200-8015-153F3B348DD0}"
EndProject
Project("{9A19103F-16F7-4668-BE54-9A1E7A4F7556}") = "Sandbox.ConsoleFramework", "ScottPlot5 Sandbox\Sandbox.ConsoleFramework\Sandbox.ConsoleFramework.csproj", "{2B8FEF6F-F79F-4008-B01F-8AB1C4487591}"
EndProject
Project("{9A19103F-16F7-4668-BE54-9A1E7A4F7556}") = "Sandbox.WPFFramework", "ScottPlot5 Sandbox\Sandbox.WPFFramework\Sandbox.WPFFramework.csproj", "{0A738D46-7654-4C7D-99BF-C420602965F7}"
EndProject
Project("{9A19103F-16F7-4668-BE54-9A1E7A4F7556}") = "Sandbox.WinForms3D", "ScottPlot5 Sandbox\Sandbox.WinForms3D\Sandbox.WinForms3D.csproj", "{0AE452FC-1D87-45C5-9B09-E645A759FCD5}"
EndProject
Project("{9A19103F-16F7-4668-BE54-9A1E7A4F7556}") = "Sandbox.WebApi", "ScottPlot5 Sandbox\Sandbox.WebApi\Sandbox.WebApi.csproj", "{7DD5B2E8-CD7A-40AD-B9AB-6FEE3F86975E}"
EndProject
Project("{9A19103F-16F7-4668-BE54-9A1E7A4F7556}") = "Sandbox.Maui", "ScottPlot5 Sandbox\Sandbox.Maui\Sandbox.Maui.csproj", "{F242BE3A-5F87-4B79-AF7D-62C20BB41D0F}"
EndProject
Project("{9A19103F-16F7-4668-BE54-9A1E7A4F7556}") = "Sandbox.UnoPlatform", "ScottPlot5 Sandbox\Sandbox.UnoPlatform\Sandbox.UnoPlatform\Sandbox.UnoPlatform.csproj", "{5544CB96-DD5A-493F-BCF6-234338513069}"
EndProject
Global
	GlobalSection(SolutionConfigurationPlatforms) = preSolution
		Debug|Any CPU = Debug|Any CPU
		Release|Any CPU = Release|Any CPU
	EndGlobalSection
	GlobalSection(ProjectConfigurationPlatforms) = postSolution
		{BAB54E6C-7114-481D-8F5E-0EC668F1644A}.Debug|Any CPU.ActiveCfg = Debug|Any CPU
		{BAB54E6C-7114-481D-8F5E-0EC668F1644A}.Debug|Any CPU.Build.0 = Debug|Any CPU
		{BAB54E6C-7114-481D-8F5E-0EC668F1644A}.Release|Any CPU.ActiveCfg = Release|Any CPU
		{BAB54E6C-7114-481D-8F5E-0EC668F1644A}.Release|Any CPU.Build.0 = Release|Any CPU
		{E4A9D4D9-2E09-4666-B742-8AF36C23E776}.Debug|Any CPU.ActiveCfg = Debug|Any CPU
		{E4A9D4D9-2E09-4666-B742-8AF36C23E776}.Debug|Any CPU.Build.0 = Debug|Any CPU
		{E4A9D4D9-2E09-4666-B742-8AF36C23E776}.Release|Any CPU.ActiveCfg = Release|Any CPU
		{E4A9D4D9-2E09-4666-B742-8AF36C23E776}.Release|Any CPU.Build.0 = Release|Any CPU
		{E3534AA4-E834-4648-83EF-94D667D17AEC}.Debug|Any CPU.ActiveCfg = Debug|Any CPU
		{E3534AA4-E834-4648-83EF-94D667D17AEC}.Debug|Any CPU.Build.0 = Debug|Any CPU
		{E3534AA4-E834-4648-83EF-94D667D17AEC}.Release|Any CPU.ActiveCfg = Release|Any CPU
		{E3534AA4-E834-4648-83EF-94D667D17AEC}.Release|Any CPU.Build.0 = Release|Any CPU
		{09961DF4-5E0E-4779-B85E-0FD304267750}.Debug|Any CPU.ActiveCfg = Debug|Any CPU
		{09961DF4-5E0E-4779-B85E-0FD304267750}.Debug|Any CPU.Build.0 = Debug|Any CPU
		{09961DF4-5E0E-4779-B85E-0FD304267750}.Release|Any CPU.ActiveCfg = Release|Any CPU
		{09961DF4-5E0E-4779-B85E-0FD304267750}.Release|Any CPU.Build.0 = Release|Any CPU
		{064EFAB5-AA1A-412C-8AFE-EAB00B760177}.Debug|Any CPU.ActiveCfg = Debug|Any CPU
		{064EFAB5-AA1A-412C-8AFE-EAB00B760177}.Debug|Any CPU.Build.0 = Debug|Any CPU
		{064EFAB5-AA1A-412C-8AFE-EAB00B760177}.Release|Any CPU.ActiveCfg = Release|Any CPU
		{064EFAB5-AA1A-412C-8AFE-EAB00B760177}.Release|Any CPU.Build.0 = Release|Any CPU
		{303848EC-00E7-4E82-BB37-736A7987976C}.Debug|Any CPU.ActiveCfg = Debug|Any CPU
		{303848EC-00E7-4E82-BB37-736A7987976C}.Debug|Any CPU.Build.0 = Debug|Any CPU
		{303848EC-00E7-4E82-BB37-736A7987976C}.Release|Any CPU.ActiveCfg = Release|Any CPU
		{303848EC-00E7-4E82-BB37-736A7987976C}.Release|Any CPU.Build.0 = Release|Any CPU
		{4DF526D7-0AD5-4FD0-8298-73ED3F69F45C}.Debug|Any CPU.ActiveCfg = Debug|Any CPU
		{4DF526D7-0AD5-4FD0-8298-73ED3F69F45C}.Debug|Any CPU.Build.0 = Debug|Any CPU
		{4DF526D7-0AD5-4FD0-8298-73ED3F69F45C}.Release|Any CPU.ActiveCfg = Release|Any CPU
		{4DF526D7-0AD5-4FD0-8298-73ED3F69F45C}.Release|Any CPU.Build.0 = Release|Any CPU
		{9015EA2E-D20E-4200-8015-153F3B348DD0}.Debug|Any CPU.ActiveCfg = Debug|Any CPU
		{9015EA2E-D20E-4200-8015-153F3B348DD0}.Debug|Any CPU.Build.0 = Debug|Any CPU
		{9015EA2E-D20E-4200-8015-153F3B348DD0}.Release|Any CPU.ActiveCfg = Release|Any CPU
		{9015EA2E-D20E-4200-8015-153F3B348DD0}.Release|Any CPU.Build.0 = Release|Any CPU
		{2B8FEF6F-F79F-4008-B01F-8AB1C4487591}.Debug|Any CPU.ActiveCfg = Debug|Any CPU
		{2B8FEF6F-F79F-4008-B01F-8AB1C4487591}.Debug|Any CPU.Build.0 = Debug|Any CPU
		{2B8FEF6F-F79F-4008-B01F-8AB1C4487591}.Release|Any CPU.ActiveCfg = Release|Any CPU
		{2B8FEF6F-F79F-4008-B01F-8AB1C4487591}.Release|Any CPU.Build.0 = Release|Any CPU
		{0A738D46-7654-4C7D-99BF-C420602965F7}.Debug|Any CPU.ActiveCfg = Debug|Any CPU
		{0A738D46-7654-4C7D-99BF-C420602965F7}.Debug|Any CPU.Build.0 = Debug|Any CPU
		{0A738D46-7654-4C7D-99BF-C420602965F7}.Release|Any CPU.ActiveCfg = Release|Any CPU
		{0A738D46-7654-4C7D-99BF-C420602965F7}.Release|Any CPU.Build.0 = Release|Any CPU
		{0AE452FC-1D87-45C5-9B09-E645A759FCD5}.Debug|Any CPU.ActiveCfg = Debug|Any CPU
		{0AE452FC-1D87-45C5-9B09-E645A759FCD5}.Debug|Any CPU.Build.0 = Debug|Any CPU
		{0AE452FC-1D87-45C5-9B09-E645A759FCD5}.Release|Any CPU.ActiveCfg = Release|Any CPU
		{0AE452FC-1D87-45C5-9B09-E645A759FCD5}.Release|Any CPU.Build.0 = Release|Any CPU
		{7DD5B2E8-CD7A-40AD-B9AB-6FEE3F86975E}.Debug|Any CPU.ActiveCfg = Debug|Any CPU
		{7DD5B2E8-CD7A-40AD-B9AB-6FEE3F86975E}.Debug|Any CPU.Build.0 = Debug|Any CPU
		{7DD5B2E8-CD7A-40AD-B9AB-6FEE3F86975E}.Release|Any CPU.ActiveCfg = Release|Any CPU
		{7DD5B2E8-CD7A-40AD-B9AB-6FEE3F86975E}.Release|Any CPU.Build.0 = Release|Any CPU
		{F242BE3A-5F87-4B79-AF7D-62C20BB41D0F}.Debug|Any CPU.ActiveCfg = Debug|Any CPU
		{F242BE3A-5F87-4B79-AF7D-62C20BB41D0F}.Debug|Any CPU.Build.0 = Debug|Any CPU
		{F242BE3A-5F87-4B79-AF7D-62C20BB41D0F}.Debug|Any CPU.Deploy.0 = Debug|Any CPU
		{F242BE3A-5F87-4B79-AF7D-62C20BB41D0F}.Release|Any CPU.ActiveCfg = Release|Any CPU
		{F242BE3A-5F87-4B79-AF7D-62C20BB41D0F}.Release|Any CPU.Build.0 = Release|Any CPU
		{F242BE3A-5F87-4B79-AF7D-62C20BB41D0F}.Release|Any CPU.Deploy.0 = Release|Any CPU
		{5544CB96-DD5A-493F-BCF6-234338513069}.Debug|Any CPU.ActiveCfg = Debug|Any CPU
		{5544CB96-DD5A-493F-BCF6-234338513069}.Debug|Any CPU.Build.0 = Debug|Any CPU
		{5544CB96-DD5A-493F-BCF6-234338513069}.Debug|Any CPU.Deploy.0 = Debug|Any CPU
		{5544CB96-DD5A-493F-BCF6-234338513069}.Release|Any CPU.ActiveCfg = Release|Any CPU
		{5544CB96-DD5A-493F-BCF6-234338513069}.Release|Any CPU.Build.0 = Release|Any CPU
		{5544CB96-DD5A-493F-BCF6-234338513069}.Release|Any CPU.Deploy.0 = Release|Any CPU
	EndGlobalSection
	GlobalSection(SolutionProperties) = preSolution
		HideSolutionNode = FALSE
	EndGlobalSection
	GlobalSection(ExtensibilityGlobals) = postSolution
		SolutionGuid = {FBAE082A-173A-4F13-BE31-E6C070513C9C}
	EndGlobalSection
EndGlobal
