
Microsoft Visual Studio Solution File, Format Version 12.00
# Visual Studio Version 17
VisualStudioVersion = 17.0.31717.71
MinimumVisualStudioVersion = 10.0.40219.1
Project("{9A19103F-16F7-4668-BE54-9A1E7A4F7556}") = "ScottPlot", "ScottPlot5\ScottPlot.csproj", "{9EBDE18F-F155-4C30-AEDC-624D4AA13E8C}"
EndProject
Project("{2150E333-8FDC-42A3-9474-1A3956D46DE8}") = "Controls", "Controls", "{957BAA80-422B-4231-BEC1-D03FD89425A2}"
EndProject
Project("{9A19103F-16F7-4668-BE54-9A1E7A4F7556}") = "ScottPlot.WinForms", "ScottPlot5 Controls\ScottPlot.WinForms\ScottPlot.WinForms.csproj", "{7533069F-CC26-4B2F-8F23-4D5451C75538}"
EndProject
Project("{9A19103F-16F7-4668-BE54-9A1E7A4F7556}") = "ScottPlot.WPF", "ScottPlot5 Controls\ScottPlot.WPF\ScottPlot.WPF.csproj", "{F40FDE7D-9B87-4D3D-AEBE-8CA1CF29A10A}"
EndProject
Project("{9A19103F-16F7-4668-BE54-9A1E7A4F7556}") = "ScottPlot.Avalonia", "ScottPlot5 Controls\ScottPlot.Avalonia\ScottPlot.Avalonia.csproj", "{A4B18C4B-9CE4-4C07-9363-1AA7939000B2}"
EndProject
Project("{9A19103F-16F7-4668-BE54-9A1E7A4F7556}") = "ScottPlot.Eto", "ScottPlot5 Controls\ScottPlot.Eto\ScottPlot.Eto.csproj", "{F88380A1-CA54-4091-BF92-5C765CC2D3C5}"
EndProject
Project("{2150E333-8FDC-42A3-9474-1A3956D46DE8}") = "Demo", "Demo", "{6500EB02-9E5D-4FDF-AAEC-84B831B4E396}"
EndProject
Project("{9A19103F-16F7-4668-BE54-9A1E7A4F7556}") = "WinForms Demo", "ScottPlot5 Demos\ScottPlot5 WinForms Demo\WinForms Demo.csproj", "{B8430DC2-421A-4688-99CC-ABDBF983F925}"
EndProject
Project("{2150E333-8FDC-42A3-9474-1A3956D46DE8}") = "Sandbox", "Sandbox", "{9C3D2BEE-76E3-4C99-9D38-07EB5CC162B9}"
EndProject
Project("{9A19103F-16F7-4668-BE54-9A1E7A4F7556}") = "Sandbox.Eto", "ScottPlot5 Sandbox\Sandbox.Eto\Sandbox.Eto.csproj", "{BAB54E6C-7114-481D-8F5E-0EC668F1644A}"
EndProject
Project("{9A19103F-16F7-4668-BE54-9A1E7A4F7556}") = "Sandbox.WPF", "ScottPlot5 Sandbox\Sandbox.WPF\Sandbox.WPF.csproj", "{E4A9D4D9-2E09-4666-B742-8AF36C23E776}"
EndProject
Project("{9A19103F-16F7-4668-BE54-9A1E7A4F7556}") = "ScottPlot Cookbook", "ScottPlot5 Cookbook\ScottPlot Cookbook.csproj", "{15FA3B6F-9541-4A72-B453-838F48D9C852}"
EndProject
Project("{9A19103F-16F7-4668-BE54-9A1E7A4F7556}") = "Sandbox.WinForms", "ScottPlot5 Sandbox\Sandbox.WinForms\Sandbox.WinForms.csproj", "{E3534AA4-E834-4648-83EF-94D667D17AEC}"
EndProject
Project("{9A19103F-16F7-4668-BE54-9A1E7A4F7556}") = "Sandbox.WinUI.Desktop", "ScottPlot5 Sandbox\Sandbox.WinUI.Desktop\Sandbox.WinUI.Desktop.csproj", "{09961DF4-5E0E-4779-B85E-0FD304267750}"
EndProject
Project("{9A19103F-16F7-4668-BE54-9A1E7A4F7556}") = "ScottPlot.WinUI", "ScottPlot5 Controls\ScottPlot.WinUI\ScottPlot.WinUI.csproj", "{F2C622DE-1D3D-4027-9009-5FB02428856E}"
EndProject
Project("{9A19103F-16F7-4668-BE54-9A1E7A4F7556}") = "ScottPlot.OpenGL", "ScottPlot5 Controls\ScottPlot.OpenGL\ScottPlot.OpenGL.csproj", "{F0DE5518-62CD-4E20-A5E6-670AE7B17AF9}"
EndProject
Project("{9A19103F-16F7-4668-BE54-9A1E7A4F7556}") = "Sandbox.Console", "ScottPlot5 Sandbox\Sandbox.Console\Sandbox.Console.csproj", "{064EFAB5-AA1A-412C-8AFE-EAB00B760177}"
EndProject
Project("{9A19103F-16F7-4668-BE54-9A1E7A4F7556}") = "Sandbox.WinFormsFramework", "ScottPlot5 Sandbox\Sandbox.WinFormsFramework\Sandbox.WinFormsFramework.csproj", "{303848EC-00E7-4E82-BB37-736A7987976C}"
EndProject
Project("{9A19103F-16F7-4668-BE54-9A1E7A4F7556}") = "Sandbox.Avalonia.Desktop", "ScottPlot5 Sandbox\Sandbox.Avalonia.Desktop\Sandbox.Avalonia.Desktop.csproj", "{4DF526D7-0AD5-4FD0-8298-73ED3F69F45C}"
EndProject
Project("{9A19103F-16F7-4668-BE54-9A1E7A4F7556}") = "ScottPlot.Blazor", "ScottPlot5 Controls\ScottPlot.Blazor\ScottPlot.Blazor.csproj", "{A770F9E3-1DD9-49A4-A7AE-7EA578A9E888}"
EndProject
Project("{9A19103F-16F7-4668-BE54-9A1E7A4F7556}") = "Sandbox.Blazor.WebAssembly", "ScottPlot5 Sandbox\Sandbox.Blazor.WebAssembly\Sandbox.Blazor.WebAssembly.csproj", "{9015EA2E-D20E-4200-8015-153F3B348DD0}"
EndProject
Project("{9A19103F-16F7-4668-BE54-9A1E7A4F7556}") = "Sandbox.ConsoleFramework", "ScottPlot5 Sandbox\Sandbox.ConsoleFramework\Sandbox.ConsoleFramework.csproj", "{2B8FEF6F-F79F-4008-B01F-8AB1C4487591}"
EndProject
Project("{9A19103F-16F7-4668-BE54-9A1E7A4F7556}") = "Benchmark", "ScottPlot5 Benchmarks\Benchmark.csproj", "{57FEA5F7-EC45-4664-AF34-E8F840C97E45}"
EndProject
Project("{9A19103F-16F7-4668-BE54-9A1E7A4F7556}") = "Sandbox.WPFFramework", "ScottPlot5 Sandbox\Sandbox.WPFFramework\Sandbox.WPFFramework.csproj", "{0A738D46-7654-4C7D-99BF-C420602965F7}"
EndProject
Project("{9A19103F-16F7-4668-BE54-9A1E7A4F7556}") = "WPF Demo", "ScottPlot5 Demos\ScottPlot5 WPF Demo\WPF Demo.csproj", "{68FECF4F-9557-4B01-9C87-CCD6FE50CDEF}"
EndProject
Project("{2150E333-8FDC-42A3-9474-1A3956D46DE8}") = "Advanced Tests", "Advanced Tests", "{B0708928-FFD3-4062-A3AD-3BA9D7CD8A55}"
EndProject
Project("{9A19103F-16F7-4668-BE54-9A1E7A4F7556}") = "Graphical Test Runner", "ScottPlot5 Tests\Graphical Test Runner\Graphical Test Runner.csproj", "{AA39141A-E248-43FB-ABF4-92D7E94F6190}"
EndProject
Project("{9A19103F-16F7-4668-BE54-9A1E7A4F7556}") = "ScottPlot Unit Tests", "ScottPlot5 Tests\Unit Tests\ScottPlot Unit Tests.csproj", "{6CED419A-A9F9-4200-80A7-A38AE1295F0A}"
EndProject
Project("{9A19103F-16F7-4668-BE54-9A1E7A4F7556}") = "Sandbox.WinForms3D", "ScottPlot5 Sandbox\Sandbox.WinForms3D\Sandbox.WinForms3D.csproj", "{0AE452FC-1D87-45C5-9B09-E645A759FCD5}"
EndProject
Global
	GlobalSection(SolutionConfigurationPlatforms) = preSolution
		Debug|Any CPU = Debug|Any CPU
		Release|Any CPU = Release|Any CPU
	EndGlobalSection
	GlobalSection(ProjectConfigurationPlatforms) = postSolution
		{9EBDE18F-F155-4C30-AEDC-624D4AA13E8C}.Debug|Any CPU.ActiveCfg = Debug|Any CPU
		{9EBDE18F-F155-4C30-AEDC-624D4AA13E8C}.Debug|Any CPU.Build.0 = Debug|Any CPU
		{9EBDE18F-F155-4C30-AEDC-624D4AA13E8C}.Release|Any CPU.ActiveCfg = Release|Any CPU
		{9EBDE18F-F155-4C30-AEDC-624D4AA13E8C}.Release|Any CPU.Build.0 = Release|Any CPU
		{7533069F-CC26-4B2F-8F23-4D5451C75538}.Debug|Any CPU.ActiveCfg = Debug|Any CPU
		{7533069F-CC26-4B2F-8F23-4D5451C75538}.Debug|Any CPU.Build.0 = Debug|Any CPU
		{7533069F-CC26-4B2F-8F23-4D5451C75538}.Release|Any CPU.ActiveCfg = Release|Any CPU
		{7533069F-CC26-4B2F-8F23-4D5451C75538}.Release|Any CPU.Build.0 = Release|Any CPU
		{F40FDE7D-9B87-4D3D-AEBE-8CA1CF29A10A}.Debug|Any CPU.ActiveCfg = Debug|Any CPU
		{F40FDE7D-9B87-4D3D-AEBE-8CA1CF29A10A}.Debug|Any CPU.Build.0 = Debug|Any CPU
		{F40FDE7D-9B87-4D3D-AEBE-8CA1CF29A10A}.Release|Any CPU.ActiveCfg = Release|Any CPU
		{F40FDE7D-9B87-4D3D-AEBE-8CA1CF29A10A}.Release|Any CPU.Build.0 = Release|Any CPU
		{A4B18C4B-9CE4-4C07-9363-1AA7939000B2}.Debug|Any CPU.ActiveCfg = Debug|Any CPU
		{A4B18C4B-9CE4-4C07-9363-1AA7939000B2}.Debug|Any CPU.Build.0 = Debug|Any CPU
		{A4B18C4B-9CE4-4C07-9363-1AA7939000B2}.Release|Any CPU.ActiveCfg = Release|Any CPU
		{A4B18C4B-9CE4-4C07-9363-1AA7939000B2}.Release|Any CPU.Build.0 = Release|Any CPU
		{F88380A1-CA54-4091-BF92-5C765CC2D3C5}.Debug|Any CPU.ActiveCfg = Debug|Any CPU
		{F88380A1-CA54-4091-BF92-5C765CC2D3C5}.Debug|Any CPU.Build.0 = Debug|Any CPU
		{F88380A1-CA54-4091-BF92-5C765CC2D3C5}.Release|Any CPU.ActiveCfg = Release|Any CPU
		{F88380A1-CA54-4091-BF92-5C765CC2D3C5}.Release|Any CPU.Build.0 = Release|Any CPU
		{B8430DC2-421A-4688-99CC-ABDBF983F925}.Debug|Any CPU.ActiveCfg = Debug|Any CPU
		{B8430DC2-421A-4688-99CC-ABDBF983F925}.Debug|Any CPU.Build.0 = Debug|Any CPU
		{B8430DC2-421A-4688-99CC-ABDBF983F925}.Release|Any CPU.ActiveCfg = Release|Any CPU
		{B8430DC2-421A-4688-99CC-ABDBF983F925}.Release|Any CPU.Build.0 = Release|Any CPU
		{BAB54E6C-7114-481D-8F5E-0EC668F1644A}.Debug|Any CPU.ActiveCfg = Debug|Any CPU
		{BAB54E6C-7114-481D-8F5E-0EC668F1644A}.Debug|Any CPU.Build.0 = Debug|Any CPU
		{BAB54E6C-7114-481D-8F5E-0EC668F1644A}.Release|Any CPU.ActiveCfg = Release|Any CPU
		{BAB54E6C-7114-481D-8F5E-0EC668F1644A}.Release|Any CPU.Build.0 = Release|Any CPU
		{E4A9D4D9-2E09-4666-B742-8AF36C23E776}.Debug|Any CPU.ActiveCfg = Debug|Any CPU
		{E4A9D4D9-2E09-4666-B742-8AF36C23E776}.Debug|Any CPU.Build.0 = Debug|Any CPU
		{E4A9D4D9-2E09-4666-B742-8AF36C23E776}.Release|Any CPU.ActiveCfg = Release|Any CPU
		{E4A9D4D9-2E09-4666-B742-8AF36C23E776}.Release|Any CPU.Build.0 = Release|Any CPU
		{15FA3B6F-9541-4A72-B453-838F48D9C852}.Debug|Any CPU.ActiveCfg = Debug|Any CPU
		{15FA3B6F-9541-4A72-B453-838F48D9C852}.Debug|Any CPU.Build.0 = Debug|Any CPU
		{15FA3B6F-9541-4A72-B453-838F48D9C852}.Release|Any CPU.ActiveCfg = Release|Any CPU
		{15FA3B6F-9541-4A72-B453-838F48D9C852}.Release|Any CPU.Build.0 = Release|Any CPU
		{E3534AA4-E834-4648-83EF-94D667D17AEC}.Debug|Any CPU.ActiveCfg = Debug|Any CPU
		{E3534AA4-E834-4648-83EF-94D667D17AEC}.Debug|Any CPU.Build.0 = Debug|Any CPU
		{E3534AA4-E834-4648-83EF-94D667D17AEC}.Release|Any CPU.ActiveCfg = Release|Any CPU
		{E3534AA4-E834-4648-83EF-94D667D17AEC}.Release|Any CPU.Build.0 = Release|Any CPU
		{09961DF4-5E0E-4779-B85E-0FD304267750}.Debug|Any CPU.ActiveCfg = Debug|Any CPU
		{09961DF4-5E0E-4779-B85E-0FD304267750}.Debug|Any CPU.Build.0 = Debug|Any CPU
		{09961DF4-5E0E-4779-B85E-0FD304267750}.Release|Any CPU.ActiveCfg = Release|Any CPU
		{09961DF4-5E0E-4779-B85E-0FD304267750}.Release|Any CPU.Build.0 = Release|Any CPU
		{F2C622DE-1D3D-4027-9009-5FB02428856E}.Debug|Any CPU.ActiveCfg = Debug|Any CPU
		{F2C622DE-1D3D-4027-9009-5FB02428856E}.Debug|Any CPU.Build.0 = Debug|Any CPU
		{F2C622DE-1D3D-4027-9009-5FB02428856E}.Release|Any CPU.ActiveCfg = Release|Any CPU
		{F2C622DE-1D3D-4027-9009-5FB02428856E}.Release|Any CPU.Build.0 = Release|Any CPU
		{F0DE5518-62CD-4E20-A5E6-670AE7B17AF9}.Debug|Any CPU.ActiveCfg = Debug|Any CPU
		{F0DE5518-62CD-4E20-A5E6-670AE7B17AF9}.Debug|Any CPU.Build.0 = Debug|Any CPU
		{F0DE5518-62CD-4E20-A5E6-670AE7B17AF9}.Release|Any CPU.ActiveCfg = Release|Any CPU
		{F0DE5518-62CD-4E20-A5E6-670AE7B17AF9}.Release|Any CPU.Build.0 = Release|Any CPU
		{064EFAB5-AA1A-412C-8AFE-EAB00B760177}.Debug|Any CPU.ActiveCfg = Debug|Any CPU
		{064EFAB5-AA1A-412C-8AFE-EAB00B760177}.Debug|Any CPU.Build.0 = Debug|Any CPU
		{064EFAB5-AA1A-412C-8AFE-EAB00B760177}.Release|Any CPU.ActiveCfg = Release|Any CPU
		{064EFAB5-AA1A-412C-8AFE-EAB00B760177}.Release|Any CPU.Build.0 = Release|Any CPU
		{303848EC-00E7-4E82-BB37-736A7987976C}.Debug|Any CPU.ActiveCfg = Debug|Any CPU
		{303848EC-00E7-4E82-BB37-736A7987976C}.Debug|Any CPU.Build.0 = Debug|Any CPU
		{303848EC-00E7-4E82-BB37-736A7987976C}.Release|Any CPU.ActiveCfg = Release|Any CPU
		{303848EC-00E7-4E82-BB37-736A7987976C}.Release|Any CPU.Build.0 = Release|Any CPU
		{4DF526D7-0AD5-4FD0-8298-73ED3F69F45C}.Debug|Any CPU.ActiveCfg = Debug|Any CPU
		{4DF526D7-0AD5-4FD0-8298-73ED3F69F45C}.Debug|Any CPU.Build.0 = Debug|Any CPU
		{4DF526D7-0AD5-4FD0-8298-73ED3F69F45C}.Release|Any CPU.ActiveCfg = Release|Any CPU
		{4DF526D7-0AD5-4FD0-8298-73ED3F69F45C}.Release|Any CPU.Build.0 = Release|Any CPU
		{A770F9E3-1DD9-49A4-A7AE-7EA578A9E888}.Debug|Any CPU.ActiveCfg = Debug|Any CPU
		{A770F9E3-1DD9-49A4-A7AE-7EA578A9E888}.Debug|Any CPU.Build.0 = Debug|Any CPU
		{A770F9E3-1DD9-49A4-A7AE-7EA578A9E888}.Release|Any CPU.ActiveCfg = Release|Any CPU
		{A770F9E3-1DD9-49A4-A7AE-7EA578A9E888}.Release|Any CPU.Build.0 = Release|Any CPU
		{9015EA2E-D20E-4200-8015-153F3B348DD0}.Debug|Any CPU.ActiveCfg = Debug|Any CPU
		{9015EA2E-D20E-4200-8015-153F3B348DD0}.Debug|Any CPU.Build.0 = Debug|Any CPU
		{9015EA2E-D20E-4200-8015-153F3B348DD0}.Release|Any CPU.ActiveCfg = Release|Any CPU
		{9015EA2E-D20E-4200-8015-153F3B348DD0}.Release|Any CPU.Build.0 = Release|Any CPU
		{2B8FEF6F-F79F-4008-B01F-8AB1C4487591}.Debug|Any CPU.ActiveCfg = Debug|Any CPU
		{2B8FEF6F-F79F-4008-B01F-8AB1C4487591}.Debug|Any CPU.Build.0 = Debug|Any CPU
		{2B8FEF6F-F79F-4008-B01F-8AB1C4487591}.Release|Any CPU.ActiveCfg = Release|Any CPU
		{2B8FEF6F-F79F-4008-B01F-8AB1C4487591}.Release|Any CPU.Build.0 = Release|Any CPU
		{57FEA5F7-EC45-4664-AF34-E8F840C97E45}.Debug|Any CPU.ActiveCfg = Debug|Any CPU
		{57FEA5F7-EC45-4664-AF34-E8F840C97E45}.Debug|Any CPU.Build.0 = Debug|Any CPU
		{57FEA5F7-EC45-4664-AF34-E8F840C97E45}.Release|Any CPU.ActiveCfg = Release|Any CPU
		{57FEA5F7-EC45-4664-AF34-E8F840C97E45}.Release|Any CPU.Build.0 = Release|Any CPU
		{0A738D46-7654-4C7D-99BF-C420602965F7}.Debug|Any CPU.ActiveCfg = Debug|Any CPU
		{0A738D46-7654-4C7D-99BF-C420602965F7}.Debug|Any CPU.Build.0 = Debug|Any CPU
		{0A738D46-7654-4C7D-99BF-C420602965F7}.Release|Any CPU.ActiveCfg = Release|Any CPU
		{0A738D46-7654-4C7D-99BF-C420602965F7}.Release|Any CPU.Build.0 = Release|Any CPU
		{68FECF4F-9557-4B01-9C87-CCD6FE50CDEF}.Debug|Any CPU.ActiveCfg = Debug|Any CPU
		{68FECF4F-9557-4B01-9C87-CCD6FE50CDEF}.Debug|Any CPU.Build.0 = Debug|Any CPU
		{68FECF4F-9557-4B01-9C87-CCD6FE50CDEF}.Release|Any CPU.ActiveCfg = Release|Any CPU
		{68FECF4F-9557-4B01-9C87-CCD6FE50CDEF}.Release|Any CPU.Build.0 = Release|Any CPU
		{AA39141A-E248-43FB-ABF4-92D7E94F6190}.Debug|Any CPU.ActiveCfg = Debug|Any CPU
		{AA39141A-E248-43FB-ABF4-92D7E94F6190}.Debug|Any CPU.Build.0 = Debug|Any CPU
		{AA39141A-E248-43FB-ABF4-92D7E94F6190}.Release|Any CPU.ActiveCfg = Release|Any CPU
		{AA39141A-E248-43FB-ABF4-92D7E94F6190}.Release|Any CPU.Build.0 = Release|Any CPU
		{6CED419A-A9F9-4200-80A7-A38AE1295F0A}.Debug|Any CPU.ActiveCfg = Debug|Any CPU
		{6CED419A-A9F9-4200-80A7-A38AE1295F0A}.Debug|Any CPU.Build.0 = Debug|Any CPU
		{6CED419A-A9F9-4200-80A7-A38AE1295F0A}.Release|Any CPU.ActiveCfg = Release|Any CPU
		{6CED419A-A9F9-4200-80A7-A38AE1295F0A}.Release|Any CPU.Build.0 = Release|Any CPU
		{0AE452FC-1D87-45C5-9B09-E645A759FCD5}.Debug|Any CPU.ActiveCfg = Debug|Any CPU
		{0AE452FC-1D87-45C5-9B09-E645A759FCD5}.Debug|Any CPU.Build.0 = Debug|Any CPU
		{0AE452FC-1D87-45C5-9B09-E645A759FCD5}.Release|Any CPU.ActiveCfg = Release|Any CPU
		{0AE452FC-1D87-45C5-9B09-E645A759FCD5}.Release|Any CPU.Build.0 = Release|Any CPU
	EndGlobalSection
	GlobalSection(SolutionProperties) = preSolution
		HideSolutionNode = FALSE
	EndGlobalSection
	GlobalSection(NestedProjects) = preSolution
		{7533069F-CC26-4B2F-8F23-4D5451C75538} = {957BAA80-422B-4231-BEC1-D03FD89425A2}
		{F40FDE7D-9B87-4D3D-AEBE-8CA1CF29A10A} = {957BAA80-422B-4231-BEC1-D03FD89425A2}
		{A4B18C4B-9CE4-4C07-9363-1AA7939000B2} = {957BAA80-422B-4231-BEC1-D03FD89425A2}
		{F88380A1-CA54-4091-BF92-5C765CC2D3C5} = {957BAA80-422B-4231-BEC1-D03FD89425A2}
		{B8430DC2-421A-4688-99CC-ABDBF983F925} = {6500EB02-9E5D-4FDF-AAEC-84B831B4E396}
		{BAB54E6C-7114-481D-8F5E-0EC668F1644A} = {9C3D2BEE-76E3-4C99-9D38-07EB5CC162B9}
		{E4A9D4D9-2E09-4666-B742-8AF36C23E776} = {9C3D2BEE-76E3-4C99-9D38-07EB5CC162B9}
		{E3534AA4-E834-4648-83EF-94D667D17AEC} = {9C3D2BEE-76E3-4C99-9D38-07EB5CC162B9}
		{09961DF4-5E0E-4779-B85E-0FD304267750} = {9C3D2BEE-76E3-4C99-9D38-07EB5CC162B9}
		{F2C622DE-1D3D-4027-9009-5FB02428856E} = {957BAA80-422B-4231-BEC1-D03FD89425A2}
		{F0DE5518-62CD-4E20-A5E6-670AE7B17AF9} = {957BAA80-422B-4231-BEC1-D03FD89425A2}
		{064EFAB5-AA1A-412C-8AFE-EAB00B760177} = {9C3D2BEE-76E3-4C99-9D38-07EB5CC162B9}
		{303848EC-00E7-4E82-BB37-736A7987976C} = {9C3D2BEE-76E3-4C99-9D38-07EB5CC162B9}
		{4DF526D7-0AD5-4FD0-8298-73ED3F69F45C} = {9C3D2BEE-76E3-4C99-9D38-07EB5CC162B9}
		{A770F9E3-1DD9-49A4-A7AE-7EA578A9E888} = {957BAA80-422B-4231-BEC1-D03FD89425A2}
		{9015EA2E-D20E-4200-8015-153F3B348DD0} = {9C3D2BEE-76E3-4C99-9D38-07EB5CC162B9}
		{2B8FEF6F-F79F-4008-B01F-8AB1C4487591} = {9C3D2BEE-76E3-4C99-9D38-07EB5CC162B9}
		{57FEA5F7-EC45-4664-AF34-E8F840C97E45} = {B0708928-FFD3-4062-A3AD-3BA9D7CD8A55}
		{0A738D46-7654-4C7D-99BF-C420602965F7} = {9C3D2BEE-76E3-4C99-9D38-07EB5CC162B9}
		{68FECF4F-9557-4B01-9C87-CCD6FE50CDEF} = {6500EB02-9E5D-4FDF-AAEC-84B831B4E396}
		{AA39141A-E248-43FB-ABF4-92D7E94F6190} = {B0708928-FFD3-4062-A3AD-3BA9D7CD8A55}
		{0AE452FC-1D87-45C5-9B09-E645A759FCD5} = {9C3D2BEE-76E3-4C99-9D38-07EB5CC162B9}
	EndGlobalSection
	GlobalSection(ExtensibilityGlobals) = postSolution
		SolutionGuid = {FBAE082A-173A-4F13-BE31-E6C070513C9C}
	EndGlobalSection
EndGlobal
