
Microsoft Visual Studio Solution File, Format Version 12.00
# Visual Studio Version 17
VisualStudioVersion = 17.0.31717.71
MinimumVisualStudioVersion = 10.0.40219.1
Project("{9A19103F-16F7-4668-BE54-9A1E7A4F7556}") = "ScottPlot", "ScottPlot5\ScottPlot.csproj", "{9EBDE18F-F155-4C30-AEDC-624D4AA13E8C}"
EndProject
Project("{9A19103F-16F7-4668-BE54-9A1E7A4F7556}") = "ScottPlot Tests", "ScottPlot5 Tests\ScottPlot Tests.csproj", "{E7958F5B-AEBF-45B4-B5C6-268117E44D2B}"
EndProject
Project("{2150E333-8FDC-42A3-9474-1A3956D46DE8}") = "Controls", "Controls", "{957BAA80-422B-4231-BEC1-D03FD89425A2}"
EndProject
Project("{9A19103F-16F7-4668-BE54-9A1E7A4F7556}") = "ScottPlot.WinForms", "ScottPlot5 Controls\ScottPlot.WinForms\ScottPlot.WinForms.csproj", "{7533069F-CC26-4B2F-8F23-4D5451C75538}"
EndProject
Project("{9A19103F-16F7-4668-BE54-9A1E7A4F7556}") = "ScottPlot.WPF", "ScottPlot5 Controls\ScottPlot.WPF\ScottPlot.WPF.csproj", "{F40FDE7D-9B87-4D3D-AEBE-8CA1CF29A10A}"
EndProject
Project("{9A19103F-16F7-4668-BE54-9A1E7A4F7556}") = "ScottPlot.Avalonia", "ScottPlot5 Controls\ScottPlot.Avalonia\ScottPlot.Avalonia.csproj", "{A4B18C4B-9CE4-4C07-9363-1AA7939000B2}"
EndProject
Project("{9A19103F-16F7-4668-BE54-9A1E7A4F7556}") = "ScottPlot.Eto", "ScottPlot5 Controls\ScottPlot.Eto\ScottPlot.Eto.csproj", "{F88380A1-CA54-4091-BF92-5C765CC2D3C5}"
EndProject
Project("{2150E333-8FDC-42A3-9474-1A3956D46DE8}") = "Demo", "Demo", "{6500EB02-9E5D-4FDF-AAEC-84B831B4E396}"
EndProject
Project("{9A19103F-16F7-4668-BE54-9A1E7A4F7556}") = "WinForms Demo", "ScottPlot5 Demos\ScottPlot5 WinForms Demo\WinForms Demo.csproj", "{B8430DC2-421A-4688-99CC-ABDBF983F925}"
EndProject
Project("{2150E333-8FDC-42A3-9474-1A3956D46DE8}") = "Sandbox", "Sandbox", "{9C3D2BEE-76E3-4C99-9D38-07EB5CC162B9}"
EndProject
Project("{9A19103F-16F7-4668-BE54-9A1E7A4F7556}") = "Sandbox.Avalonia", "ScottPlot5 Sandbox\ScottPlot.Sandbox.Avalonia\Sandbox.Avalonia.csproj", "{4289B222-4682-4138-89EC-305D43FF79CB}"
EndProject
Project("{9A19103F-16F7-4668-BE54-9A1E7A4F7556}") = "Sandbox.Eto", "ScottPlot5 Sandbox\ScottPlot.Sandbox.Eto\Sandbox.Eto.csproj", "{BAB54E6C-7114-481D-8F5E-0EC668F1644A}"
EndProject
Project("{9A19103F-16F7-4668-BE54-9A1E7A4F7556}") = "Sandbox.WPF", "ScottPlot5 Sandbox\ScottPlot.Sandbox.WPF\Sandbox.WPF.csproj", "{E4A9D4D9-2E09-4666-B742-8AF36C23E776}"
EndProject
Project("{9A19103F-16F7-4668-BE54-9A1E7A4F7556}") = "DemoLauncher", "ScottPlot5 Demos\ScottPlot5 Demo Launcher\DemoLauncher\DemoLauncher.csproj", "{D45C8951-5E45-43FF-8D7A-B140522F70CF}"
EndProject
Project("{9A19103F-16F7-4668-BE54-9A1E7A4F7556}") = "ScottPlot Cookbook", "ScottPlot5 Cookbook\ScottPlot Cookbook.csproj", "{15FA3B6F-9541-4A72-B453-838F48D9C852}"
EndProject
Project("{9A19103F-16F7-4668-BE54-9A1E7A4F7556}") = "Sandbox.WinForms", "ScottPlot5 Sandbox\ScottPlot.Sandbox.WinForms\Sandbox.WinForms.csproj", "{E3534AA4-E834-4648-83EF-94D667D17AEC}"
EndProject
Global
	GlobalSection(SolutionConfigurationPlatforms) = preSolution
		Debug|Any CPU = Debug|Any CPU
		Release|Any CPU = Release|Any CPU
	EndGlobalSection
	GlobalSection(ProjectConfigurationPlatforms) = postSolution
		{9EBDE18F-F155-4C30-AEDC-624D4AA13E8C}.Debug|Any CPU.ActiveCfg = Debug|Any CPU
		{9EBDE18F-F155-4C30-AEDC-624D4AA13E8C}.Debug|Any CPU.Build.0 = Debug|Any CPU
		{9EBDE18F-F155-4C30-AEDC-624D4AA13E8C}.Release|Any CPU.ActiveCfg = Release|Any CPU
		{9EBDE18F-F155-4C30-AEDC-624D4AA13E8C}.Release|Any CPU.Build.0 = Release|Any CPU
		{E7958F5B-AEBF-45B4-B5C6-268117E44D2B}.Debug|Any CPU.ActiveCfg = Debug|Any CPU
		{E7958F5B-AEBF-45B4-B5C6-268117E44D2B}.Debug|Any CPU.Build.0 = Debug|Any CPU
		{E7958F5B-AEBF-45B4-B5C6-268117E44D2B}.Release|Any CPU.ActiveCfg = Release|Any CPU
		{E7958F5B-AEBF-45B4-B5C6-268117E44D2B}.Release|Any CPU.Build.0 = Release|Any CPU
		{7533069F-CC26-4B2F-8F23-4D5451C75538}.Debug|Any CPU.ActiveCfg = Debug|Any CPU
		{7533069F-CC26-4B2F-8F23-4D5451C75538}.Debug|Any CPU.Build.0 = Debug|Any CPU
		{7533069F-CC26-4B2F-8F23-4D5451C75538}.Release|Any CPU.ActiveCfg = Release|Any CPU
		{7533069F-CC26-4B2F-8F23-4D5451C75538}.Release|Any CPU.Build.0 = Release|Any CPU
		{F40FDE7D-9B87-4D3D-AEBE-8CA1CF29A10A}.Debug|Any CPU.ActiveCfg = Debug|Any CPU
		{F40FDE7D-9B87-4D3D-AEBE-8CA1CF29A10A}.Debug|Any CPU.Build.0 = Debug|Any CPU
		{F40FDE7D-9B87-4D3D-AEBE-8CA1CF29A10A}.Release|Any CPU.ActiveCfg = Release|Any CPU
		{F40FDE7D-9B87-4D3D-AEBE-8CA1CF29A10A}.Release|Any CPU.Build.0 = Release|Any CPU
		{A4B18C4B-9CE4-4C07-9363-1AA7939000B2}.Debug|Any CPU.ActiveCfg = Debug|Any CPU
		{A4B18C4B-9CE4-4C07-9363-1AA7939000B2}.Debug|Any CPU.Build.0 = Debug|Any CPU
		{A4B18C4B-9CE4-4C07-9363-1AA7939000B2}.Release|Any CPU.ActiveCfg = Release|Any CPU
		{A4B18C4B-9CE4-4C07-9363-1AA7939000B2}.Release|Any CPU.Build.0 = Release|Any CPU
		{F88380A1-CA54-4091-BF92-5C765CC2D3C5}.Debug|Any CPU.ActiveCfg = Debug|Any CPU
		{F88380A1-CA54-4091-BF92-5C765CC2D3C5}.Debug|Any CPU.Build.0 = Debug|Any CPU
		{F88380A1-CA54-4091-BF92-5C765CC2D3C5}.Release|Any CPU.ActiveCfg = Release|Any CPU
		{F88380A1-CA54-4091-BF92-5C765CC2D3C5}.Release|Any CPU.Build.0 = Release|Any CPU
		{B8430DC2-421A-4688-99CC-ABDBF983F925}.Debug|Any CPU.ActiveCfg = Debug|Any CPU
		{B8430DC2-421A-4688-99CC-ABDBF983F925}.Debug|Any CPU.Build.0 = Debug|Any CPU
		{B8430DC2-421A-4688-99CC-ABDBF983F925}.Release|Any CPU.ActiveCfg = Release|Any CPU
		{B8430DC2-421A-4688-99CC-ABDBF983F925}.Release|Any CPU.Build.0 = Release|Any CPU
		{4289B222-4682-4138-89EC-305D43FF79CB}.Debug|Any CPU.ActiveCfg = Debug|Any CPU
		{4289B222-4682-4138-89EC-305D43FF79CB}.Debug|Any CPU.Build.0 = Debug|Any CPU
		{4289B222-4682-4138-89EC-305D43FF79CB}.Release|Any CPU.ActiveCfg = Release|Any CPU
		{4289B222-4682-4138-89EC-305D43FF79CB}.Release|Any CPU.Build.0 = Release|Any CPU
		{BAB54E6C-7114-481D-8F5E-0EC668F1644A}.Debug|Any CPU.ActiveCfg = Debug|Any CPU
		{BAB54E6C-7114-481D-8F5E-0EC668F1644A}.Debug|Any CPU.Build.0 = Debug|Any CPU
		{BAB54E6C-7114-481D-8F5E-0EC668F1644A}.Release|Any CPU.ActiveCfg = Release|Any CPU
		{BAB54E6C-7114-481D-8F5E-0EC668F1644A}.Release|Any CPU.Build.0 = Release|Any CPU
		{E4A9D4D9-2E09-4666-B742-8AF36C23E776}.Debug|Any CPU.ActiveCfg = Debug|Any CPU
		{E4A9D4D9-2E09-4666-B742-8AF36C23E776}.Debug|Any CPU.Build.0 = Debug|Any CPU
		{E4A9D4D9-2E09-4666-B742-8AF36C23E776}.Release|Any CPU.ActiveCfg = Release|Any CPU
		{E4A9D4D9-2E09-4666-B742-8AF36C23E776}.Release|Any CPU.Build.0 = Release|Any CPU
		{D45C8951-5E45-43FF-8D7A-B140522F70CF}.Debug|Any CPU.ActiveCfg = Debug|Any CPU
		{D45C8951-5E45-43FF-8D7A-B140522F70CF}.Debug|Any CPU.Build.0 = Debug|Any CPU
		{D45C8951-5E45-43FF-8D7A-B140522F70CF}.Release|Any CPU.ActiveCfg = Release|Any CPU
		{D45C8951-5E45-43FF-8D7A-B140522F70CF}.Release|Any CPU.Build.0 = Release|Any CPU
		{15FA3B6F-9541-4A72-B453-838F48D9C852}.Debug|Any CPU.ActiveCfg = Debug|Any CPU
		{15FA3B6F-9541-4A72-B453-838F48D9C852}.Debug|Any CPU.Build.0 = Debug|Any CPU
		{15FA3B6F-9541-4A72-B453-838F48D9C852}.Release|Any CPU.ActiveCfg = Release|Any CPU
		{15FA3B6F-9541-4A72-B453-838F48D9C852}.Release|Any CPU.Build.0 = Release|Any CPU
		{E3534AA4-E834-4648-83EF-94D667D17AEC}.Debug|Any CPU.ActiveCfg = Debug|Any CPU
		{E3534AA4-E834-4648-83EF-94D667D17AEC}.Debug|Any CPU.Build.0 = Debug|Any CPU
		{E3534AA4-E834-4648-83EF-94D667D17AEC}.Release|Any CPU.ActiveCfg = Release|Any CPU
		{E3534AA4-E834-4648-83EF-94D667D17AEC}.Release|Any CPU.Build.0 = Release|Any CPU
	EndGlobalSection
	GlobalSection(SolutionProperties) = preSolution
		HideSolutionNode = FALSE
	EndGlobalSection
	GlobalSection(NestedProjects) = preSolution
		{7533069F-CC26-4B2F-8F23-4D5451C75538} = {957BAA80-422B-4231-BEC1-D03FD89425A2}
		{F40FDE7D-9B87-4D3D-AEBE-8CA1CF29A10A} = {957BAA80-422B-4231-BEC1-D03FD89425A2}
		{A4B18C4B-9CE4-4C07-9363-1AA7939000B2} = {957BAA80-422B-4231-BEC1-D03FD89425A2}
		{F88380A1-CA54-4091-BF92-5C765CC2D3C5} = {957BAA80-422B-4231-BEC1-D03FD89425A2}
		{B8430DC2-421A-4688-99CC-ABDBF983F925} = {6500EB02-9E5D-4FDF-AAEC-84B831B4E396}
		{4289B222-4682-4138-89EC-305D43FF79CB} = {9C3D2BEE-76E3-4C99-9D38-07EB5CC162B9}
		{BAB54E6C-7114-481D-8F5E-0EC668F1644A} = {9C3D2BEE-76E3-4C99-9D38-07EB5CC162B9}
		{E4A9D4D9-2E09-4666-B742-8AF36C23E776} = {9C3D2BEE-76E3-4C99-9D38-07EB5CC162B9}
		{D45C8951-5E45-43FF-8D7A-B140522F70CF} = {6500EB02-9E5D-4FDF-AAEC-84B831B4E396}
		{E3534AA4-E834-4648-83EF-94D667D17AEC} = {9C3D2BEE-76E3-4C99-9D38-07EB5CC162B9}
	EndGlobalSection
	GlobalSection(ExtensibilityGlobals) = postSolution
		SolutionGuid = {FBAE082A-173A-4F13-BE31-E6C070513C9C}
	EndGlobalSection
EndGlobal
