
Microsoft Visual Studio Solution File, Format Version 12.00
# Visual Studio Version 17
VisualStudioVersion = 17.6.33829.357
MinimumVisualStudioVersion = 10.0.40219.1
Project("{9A19103F-16F7-4668-BE54-9A1E7A4F7556}") = "SetDependencyVersion", "SetDependencyVersion.csproj", "{00CB90BE-E0C7-40FF-9921-6843E65E4FFE}"
EndProject
Global
	GlobalSection(SolutionConfigurationPlatforms) = preSolution
		Debug|Any CPU = Debug|Any CPU
		Release|Any CPU = Release|Any CPU
	EndGlobalSection
	GlobalSection(ProjectConfigurationPlatforms) = postSolution
		{00CB90BE-E0C7-40FF-9921-6843E65E4FFE}.Debug|Any CPU.ActiveCfg = Debug|Any CPU
		{00CB90BE-E0C7-40FF-9921-6843E65E4FFE}.Debug|Any CPU.Build.0 = Debug|Any CPU
		{00CB90BE-E0C7-40FF-9921-6843E65E4FFE}.Release|Any CPU.ActiveCfg = Release|Any CPU
		{00CB90BE-E0C7-40FF-9921-6843E65E4FFE}.Release|Any CPU.Build.0 = Release|Any CPU
	EndGlobalSection
	GlobalSection(SolutionProperties) = preSolution
		HideSolutionNode = FALSE
	EndGlobalSection
	GlobalSection(ExtensibilityGlobals) = postSolution
		SolutionGuid = {47D9A937-33E0-4584-8BBF-71018B7AC85E}
	EndGlobalSection
EndGlobal
