
Microsoft Visual Studio Solution File, Format Version 12.00
# Visual Studio Version 16
VisualStudioVersion = 16.0.28922.388
MinimumVisualStudioVersion = 10.0.40219.1
Project("{FAE04EC0-301F-11D3-BF4B-00C04F79EFBC}") = "ScottPlotTests", "ScottPlotTests.csproj", "{F9AFE738-C632-4C88-B1B3-CD7F53180831}"
EndProject
Global
	GlobalSection(SolutionConfigurationPlatforms) = preSolution
		Debug|Any CPU = Debug|Any CPU
		Release|Any CPU = Release|Any CPU
	EndGlobalSection
	GlobalSection(ProjectConfigurationPlatforms) = postSolution
		{F9AFE738-C632-4C88-B1B3-CD7F53180831}.Debug|Any CPU.ActiveCfg = Debug|Any CPU
		{F9AFE738-C632-4C88-B1B3-CD7F53180831}.Debug|Any CPU.Build.0 = Debug|Any CPU
		{F9AFE738-C632-4C88-B1B3-CD7F53180831}.Release|Any CPU.ActiveCfg = Release|Any CPU
		{F9AFE738-C632-4C88-B1B3-CD7F53180831}.Release|Any CPU.Build.0 = Release|Any CPU
	EndGlobalSection
	GlobalSection(SolutionProperties) = preSolution
		HideSolutionNode = FALSE
	EndGlobalSection
	GlobalSection(ExtensibilityGlobals) = postSolution
		SolutionGuid = {BC8C4658-07EB-43B0-98FD-1DA452B3CBDD}
	EndGlobalSection
EndGlobal
