
Microsoft Visual Studio Solution File, Format Version 12.00
# Visual Studio Version 16
VisualStudioVersion = 16.0.28803.452
MinimumVisualStudioVersion = 10.0.40219.1
Project("{FAE04EC0-301F-11D3-BF4B-00C04F79EFBC}") = "ScottPlot", "..\..\src\ScottPlot\ScottPlot.csproj", "{EE9215C6-01C1-4835-8514-3A708F9291F1}"
EndProject
Project("{FAE04EC0-301F-11D3-BF4B-00C04F79EFBC}") = "ScottPlotSkia", "ScottPlotSkia.csproj", "{EA9C6D01-8158-42DC-91B3-079EC2353839}"
EndProject
Project("{FAE04EC0-301F-11D3-BF4B-00C04F79EFBC}") = "signalConst with Skia", "plottable-const-skia\signalConst with Skia.csproj", "{078C3C46-CDF6-4FE0-9D3E-6D2CF8CA31A0}"
EndProject
Global
	GlobalSection(SolutionConfigurationPlatforms) = preSolution
		Debug|Any CPU = Debug|Any CPU
		Debug|x64 = Debug|x64
		Release|Any CPU = Release|Any CPU
		Release|x64 = Release|x64
	EndGlobalSection
	GlobalSection(ProjectConfigurationPlatforms) = postSolution
		{EE9215C6-01C1-4835-8514-3A708F9291F1}.Debug|Any CPU.ActiveCfg = Debug|Any CPU
		{EE9215C6-01C1-4835-8514-3A708F9291F1}.Debug|Any CPU.Build.0 = Debug|Any CPU
		{EE9215C6-01C1-4835-8514-3A708F9291F1}.Debug|x64.ActiveCfg = Debug|Any CPU
		{EE9215C6-01C1-4835-8514-3A708F9291F1}.Debug|x64.Build.0 = Debug|Any CPU
		{EE9215C6-01C1-4835-8514-3A708F9291F1}.Release|Any CPU.ActiveCfg = Release|Any CPU
		{EE9215C6-01C1-4835-8514-3A708F9291F1}.Release|Any CPU.Build.0 = Release|Any CPU
		{EE9215C6-01C1-4835-8514-3A708F9291F1}.Release|x64.ActiveCfg = Release|Any CPU
		{EE9215C6-01C1-4835-8514-3A708F9291F1}.Release|x64.Build.0 = Release|Any CPU
		{EA9C6D01-8158-42DC-91B3-079EC2353839}.Debug|Any CPU.ActiveCfg = Debug|Any CPU
		{EA9C6D01-8158-42DC-91B3-079EC2353839}.Debug|Any CPU.Build.0 = Debug|Any CPU
		{EA9C6D01-8158-42DC-91B3-079EC2353839}.Debug|x64.ActiveCfg = Debug|x64
		{EA9C6D01-8158-42DC-91B3-079EC2353839}.Debug|x64.Build.0 = Debug|x64
		{EA9C6D01-8158-42DC-91B3-079EC2353839}.Release|Any CPU.ActiveCfg = Release|Any CPU
		{EA9C6D01-8158-42DC-91B3-079EC2353839}.Release|Any CPU.Build.0 = Release|Any CPU
		{EA9C6D01-8158-42DC-91B3-079EC2353839}.Release|x64.ActiveCfg = Release|x64
		{EA9C6D01-8158-42DC-91B3-079EC2353839}.Release|x64.Build.0 = Release|x64
		{078C3C46-CDF6-4FE0-9D3E-6D2CF8CA31A0}.Debug|Any CPU.ActiveCfg = Debug|Any CPU
		{078C3C46-CDF6-4FE0-9D3E-6D2CF8CA31A0}.Debug|Any CPU.Build.0 = Debug|Any CPU
		{078C3C46-CDF6-4FE0-9D3E-6D2CF8CA31A0}.Debug|x64.ActiveCfg = Debug|x64
		{078C3C46-CDF6-4FE0-9D3E-6D2CF8CA31A0}.Debug|x64.Build.0 = Debug|x64
		{078C3C46-CDF6-4FE0-9D3E-6D2CF8CA31A0}.Release|Any CPU.ActiveCfg = Release|Any CPU
		{078C3C46-CDF6-4FE0-9D3E-6D2CF8CA31A0}.Release|Any CPU.Build.0 = Release|Any CPU
		{078C3C46-CDF6-4FE0-9D3E-6D2CF8CA31A0}.Release|x64.ActiveCfg = Release|x64
		{078C3C46-CDF6-4FE0-9D3E-6D2CF8CA31A0}.Release|x64.Build.0 = Release|x64
	EndGlobalSection
	GlobalSection(SolutionProperties) = preSolution
		HideSolutionNode = FALSE
	EndGlobalSection
	GlobalSection(ExtensibilityGlobals) = postSolution
		SolutionGuid = {FBAE082A-173A-4F13-BE31-E6C070513C9C}
	EndGlobalSection
EndGlobal
