
Microsoft Visual Studio Solution File, Format Version 12.00
# Visual Studio Version 17
VisualStudioVersion = 17.0.31717.71
MinimumVisualStudioVersion = 10.0.40219.1
Project("{9A19103F-16F7-4668-BE54-9A1E7A4F7556}") = "ScottPlot", "ScottPlot\ScottPlot.csproj", "{EE9215C6-01C1-4835-8514-3A708F9291F1}"
EndProject
Project("{9A19103F-16F7-4668-BE54-9A1E7A4F7556}") = "ScottPlot.Tests", "ScottPlot.Tests\ScottPlot.Tests.csproj", "{DDBB14B8-2B35-4B8B-83A9-4447D1E7B19B}"
EndProject
Project("{9A19103F-16F7-4668-BE54-9A1E7A4F7556}") = "ScottPlot.WinForms", "ScottPlot.WinForms\ScottPlot.WinForms.csproj", "{1561FB75-F36A-44DC-BBA7-DA15DFF997ED}"
EndProject
Project("{9A19103F-16F7-4668-BE54-9A1E7A4F7556}") = "ScottPlot.WPF", "ScottPlot.WPF\ScottPlot.WPF.csproj", "{C94967B9-731F-4F59-ABFD-685E3D03B298}"
EndProject
Project("{9A19103F-16F7-4668-BE54-9A1E7A4F7556}") = "WPF Demo", "ScottPlot.Demo\ScottPlot.Demo.WPF\WPF Demo.csproj", "{76C7D33E-964D-4738-8A01-F7D70B628F10}"
EndProject
Project("{9A19103F-16F7-4668-BE54-9A1E7A4F7556}") = "WinForms Demo", "ScottPlot.Demo\ScottPlot.Demo.WinForms\WinForms Demo.csproj", "{163492F4-4E03-4155-B5F2-3620C211B2E7}"
EndProject
Project("{2150E333-8FDC-42A3-9474-1A3956D46DE8}") = "Demos", "Demos", "{D0040AB2-4D89-4BBE-B1CB-FAB64E741336}"
EndProject
Project("{9A19103F-16F7-4668-BE54-9A1E7A4F7556}") = "ScottPlot.Avalonia", "ScottPlot.Avalonia\ScottPlot.Avalonia.csproj", "{74A9E843-D673-4171-8A52-43D10FE42380}"
EndProject
Project("{9A19103F-16F7-4668-BE54-9A1E7A4F7556}") = "Avalonia Demo", "ScottPlot.Demo\ScottPlot.Demo.Avalonia\Avalonia Demo.csproj", "{8B76BD3E-AC5B-40DD-83E8-2507A6D30168}"
EndProject
Project("{9A19103F-16F7-4668-BE54-9A1E7A4F7556}") = "ConsoleApp", "ScottPlot.Sandbox\ConsoleApp\ConsoleApp.csproj", "{1191AF7E-662E-40D4-A2F1-2C5FD4BCBDC2}"
EndProject
Project("{9A19103F-16F7-4668-BE54-9A1E7A4F7556}") = "WpfApp", "ScottPlot.Sandbox\WpfApp\WpfApp.csproj", "{C9D7BA42-87BF-4AA5-88D7-041DD8FC3D79}"
EndProject
Project("{9A19103F-16F7-4668-BE54-9A1E7A4F7556}") = "WinFormsApp", "ScottPlot.Sandbox\WinFormsApp\WinFormsApp.csproj", "{811B3AE4-4BF7-4CAD-991C-567D6377F428}"
EndProject
Project("{9A19103F-16F7-4668-BE54-9A1E7A4F7556}") = "ScottPlot.Cookbook", "ScottPlot.Cookbook\ScottPlot.Cookbook.csproj", "{1CD9CD76-65C7-47B7-A7BA-F09A9459E3E1}"
EndProject
Project("{9A19103F-16F7-4668-BE54-9A1E7A4F7556}") = "ScottPlot.Eto", "ScottPlot.Eto\ScottPlot.Eto.csproj", "{67B0D689-4324-45A7-A17E-03E4FD0CB386}"
EndProject
Project("{9A19103F-16F7-4668-BE54-9A1E7A4F7556}") = "EtoApp", "ScottPlot.Sandbox\EtoApp\EtoApp.csproj", "{14BE3145-C0A1-472C-B229-C9EF3B798312}"
EndProject
Project("{9A19103F-16F7-4668-BE54-9A1E7A4F7556}") = "Eto.Forms Demo", "ScottPlot.Demo\ScottPlot.Demo.Eto\Eto.Forms Demo.csproj", "{35AE2BEA-066D-4764-AF51-DA179299A7BE}"
EndProject
Project("{2150E333-8FDC-42A3-9474-1A3956D46DE8}") = "Sandbox", "Sandbox", "{EC672BE5-D20E-4EF7-8C0F-D436540FFF9A}"
EndProject
Project("{2150E333-8FDC-42A3-9474-1A3956D46DE8}") = "Controls", "Controls", "{684FD96D-C698-4761-8E2C-6B4C08759B77}"
EndProject
Project("{9A19103F-16F7-4668-BE54-9A1E7A4F7556}") = "ScottPlot.Benchmarks", "ScottPlot.Benchmarks\ScottPlot.Benchmarks.csproj", "{80381368-144D-4CAE-8FA7-56E8E5AF5B60}"
EndProject
Global
	GlobalSection(SolutionConfigurationPlatforms) = preSolution
		Debug|Any CPU = Debug|Any CPU
		Release|Any CPU = Release|Any CPU
	EndGlobalSection
	GlobalSection(ProjectConfigurationPlatforms) = postSolution
		{EE9215C6-01C1-4835-8514-3A708F9291F1}.Debug|Any CPU.ActiveCfg = Debug|Any CPU
		{EE9215C6-01C1-4835-8514-3A708F9291F1}.Debug|Any CPU.Build.0 = Debug|Any CPU
		{EE9215C6-01C1-4835-8514-3A708F9291F1}.Release|Any CPU.ActiveCfg = Release|Any CPU
		{EE9215C6-01C1-4835-8514-3A708F9291F1}.Release|Any CPU.Build.0 = Release|Any CPU
		{DDBB14B8-2B35-4B8B-83A9-4447D1E7B19B}.Debug|Any CPU.ActiveCfg = Debug|Any CPU
		{DDBB14B8-2B35-4B8B-83A9-4447D1E7B19B}.Debug|Any CPU.Build.0 = Debug|Any CPU
		{DDBB14B8-2B35-4B8B-83A9-4447D1E7B19B}.Release|Any CPU.ActiveCfg = Release|Any CPU
		{DDBB14B8-2B35-4B8B-83A9-4447D1E7B19B}.Release|Any CPU.Build.0 = Release|Any CPU
		{1561FB75-F36A-44DC-BBA7-DA15DFF997ED}.Debug|Any CPU.ActiveCfg = Debug|Any CPU
		{1561FB75-F36A-44DC-BBA7-DA15DFF997ED}.Debug|Any CPU.Build.0 = Debug|Any CPU
		{1561FB75-F36A-44DC-BBA7-DA15DFF997ED}.Release|Any CPU.ActiveCfg = Release|Any CPU
		{1561FB75-F36A-44DC-BBA7-DA15DFF997ED}.Release|Any CPU.Build.0 = Release|Any CPU
		{C94967B9-731F-4F59-ABFD-685E3D03B298}.Debug|Any CPU.ActiveCfg = Debug|Any CPU
		{C94967B9-731F-4F59-ABFD-685E3D03B298}.Debug|Any CPU.Build.0 = Debug|Any CPU
		{C94967B9-731F-4F59-ABFD-685E3D03B298}.Release|Any CPU.ActiveCfg = Release|Any CPU
		{C94967B9-731F-4F59-ABFD-685E3D03B298}.Release|Any CPU.Build.0 = Release|Any CPU
		{76C7D33E-964D-4738-8A01-F7D70B628F10}.Debug|Any CPU.ActiveCfg = Debug|Any CPU
		{76C7D33E-964D-4738-8A01-F7D70B628F10}.Debug|Any CPU.Build.0 = Debug|Any CPU
		{76C7D33E-964D-4738-8A01-F7D70B628F10}.Release|Any CPU.ActiveCfg = Release|Any CPU
		{76C7D33E-964D-4738-8A01-F7D70B628F10}.Release|Any CPU.Build.0 = Release|Any CPU
		{163492F4-4E03-4155-B5F2-3620C211B2E7}.Debug|Any CPU.ActiveCfg = Debug|Any CPU
		{163492F4-4E03-4155-B5F2-3620C211B2E7}.Debug|Any CPU.Build.0 = Debug|Any CPU
		{163492F4-4E03-4155-B5F2-3620C211B2E7}.Release|Any CPU.ActiveCfg = Release|Any CPU
		{163492F4-4E03-4155-B5F2-3620C211B2E7}.Release|Any CPU.Build.0 = Release|Any CPU
		{74A9E843-D673-4171-8A52-43D10FE42380}.Debug|Any CPU.ActiveCfg = Debug|Any CPU
		{74A9E843-D673-4171-8A52-43D10FE42380}.Debug|Any CPU.Build.0 = Debug|Any CPU
		{74A9E843-D673-4171-8A52-43D10FE42380}.Release|Any CPU.ActiveCfg = Release|Any CPU
		{74A9E843-D673-4171-8A52-43D10FE42380}.Release|Any CPU.Build.0 = Release|Any CPU
		{8B76BD3E-AC5B-40DD-83E8-2507A6D30168}.Debug|Any CPU.ActiveCfg = Debug|Any CPU
		{8B76BD3E-AC5B-40DD-83E8-2507A6D30168}.Debug|Any CPU.Build.0 = Debug|Any CPU
		{8B76BD3E-AC5B-40DD-83E8-2507A6D30168}.Release|Any CPU.ActiveCfg = Release|Any CPU
		{8B76BD3E-AC5B-40DD-83E8-2507A6D30168}.Release|Any CPU.Build.0 = Release|Any CPU
		{1191AF7E-662E-40D4-A2F1-2C5FD4BCBDC2}.Debug|Any CPU.ActiveCfg = Debug|Any CPU
		{1191AF7E-662E-40D4-A2F1-2C5FD4BCBDC2}.Debug|Any CPU.Build.0 = Debug|Any CPU
		{1191AF7E-662E-40D4-A2F1-2C5FD4BCBDC2}.Release|Any CPU.ActiveCfg = Release|Any CPU
		{1191AF7E-662E-40D4-A2F1-2C5FD4BCBDC2}.Release|Any CPU.Build.0 = Release|Any CPU
		{C9D7BA42-87BF-4AA5-88D7-041DD8FC3D79}.Debug|Any CPU.ActiveCfg = Debug|Any CPU
		{C9D7BA42-87BF-4AA5-88D7-041DD8FC3D79}.Debug|Any CPU.Build.0 = Debug|Any CPU
		{C9D7BA42-87BF-4AA5-88D7-041DD8FC3D79}.Release|Any CPU.ActiveCfg = Release|Any CPU
		{C9D7BA42-87BF-4AA5-88D7-041DD8FC3D79}.Release|Any CPU.Build.0 = Release|Any CPU
		{811B3AE4-4BF7-4CAD-991C-567D6377F428}.Debug|Any CPU.ActiveCfg = Debug|Any CPU
		{811B3AE4-4BF7-4CAD-991C-567D6377F428}.Debug|Any CPU.Build.0 = Debug|Any CPU
		{811B3AE4-4BF7-4CAD-991C-567D6377F428}.Release|Any CPU.ActiveCfg = Release|Any CPU
		{811B3AE4-4BF7-4CAD-991C-567D6377F428}.Release|Any CPU.Build.0 = Release|Any CPU
		{1CD9CD76-65C7-47B7-A7BA-F09A9459E3E1}.Debug|Any CPU.ActiveCfg = Debug|Any CPU
		{1CD9CD76-65C7-47B7-A7BA-F09A9459E3E1}.Debug|Any CPU.Build.0 = Debug|Any CPU
		{1CD9CD76-65C7-47B7-A7BA-F09A9459E3E1}.Release|Any CPU.ActiveCfg = Release|Any CPU
		{1CD9CD76-65C7-47B7-A7BA-F09A9459E3E1}.Release|Any CPU.Build.0 = Release|Any CPU
		{67B0D689-4324-45A7-A17E-03E4FD0CB386}.Debug|Any CPU.ActiveCfg = Debug|Any CPU
		{67B0D689-4324-45A7-A17E-03E4FD0CB386}.Debug|Any CPU.Build.0 = Debug|Any CPU
		{67B0D689-4324-45A7-A17E-03E4FD0CB386}.Release|Any CPU.ActiveCfg = Release|Any CPU
		{67B0D689-4324-45A7-A17E-03E4FD0CB386}.Release|Any CPU.Build.0 = Release|Any CPU
		{14BE3145-C0A1-472C-B229-C9EF3B798312}.Debug|Any CPU.ActiveCfg = Debug|Any CPU
		{14BE3145-C0A1-472C-B229-C9EF3B798312}.Debug|Any CPU.Build.0 = Debug|Any CPU
		{14BE3145-C0A1-472C-B229-C9EF3B798312}.Release|Any CPU.ActiveCfg = Release|Any CPU
		{14BE3145-C0A1-472C-B229-C9EF3B798312}.Release|Any CPU.Build.0 = Release|Any CPU
		{35AE2BEA-066D-4764-AF51-DA179299A7BE}.Debug|Any CPU.ActiveCfg = Debug|Any CPU
		{35AE2BEA-066D-4764-AF51-DA179299A7BE}.Debug|Any CPU.Build.0 = Debug|Any CPU
		{35AE2BEA-066D-4764-AF51-DA179299A7BE}.Release|Any CPU.ActiveCfg = Release|Any CPU
		{35AE2BEA-066D-4764-AF51-DA179299A7BE}.Release|Any CPU.Build.0 = Release|Any CPU
		{80381368-144D-4CAE-8FA7-56E8E5AF5B60}.Debug|Any CPU.ActiveCfg = Debug|Any CPU
		{80381368-144D-4CAE-8FA7-56E8E5AF5B60}.Debug|Any CPU.Build.0 = Debug|Any CPU
		{80381368-144D-4CAE-8FA7-56E8E5AF5B60}.Release|Any CPU.ActiveCfg = Release|Any CPU
		{80381368-144D-4CAE-8FA7-56E8E5AF5B60}.Release|Any CPU.Build.0 = Release|Any CPU
	EndGlobalSection
	GlobalSection(SolutionProperties) = preSolution
		HideSolutionNode = FALSE
	EndGlobalSection
	GlobalSection(NestedProjects) = preSolution
		{1561FB75-F36A-44DC-BBA7-DA15DFF997ED} = {684FD96D-C698-4761-8E2C-6B4C08759B77}
		{C94967B9-731F-4F59-ABFD-685E3D03B298} = {684FD96D-C698-4761-8E2C-6B4C08759B77}
		{76C7D33E-964D-4738-8A01-F7D70B628F10} = {D0040AB2-4D89-4BBE-B1CB-FAB64E741336}
		{163492F4-4E03-4155-B5F2-3620C211B2E7} = {D0040AB2-4D89-4BBE-B1CB-FAB64E741336}
		{74A9E843-D673-4171-8A52-43D10FE42380} = {684FD96D-C698-4761-8E2C-6B4C08759B77}
		{8B76BD3E-AC5B-40DD-83E8-2507A6D30168} = {D0040AB2-4D89-4BBE-B1CB-FAB64E741336}
		{1191AF7E-662E-40D4-A2F1-2C5FD4BCBDC2} = {EC672BE5-D20E-4EF7-8C0F-D436540FFF9A}
		{C9D7BA42-87BF-4AA5-88D7-041DD8FC3D79} = {EC672BE5-D20E-4EF7-8C0F-D436540FFF9A}
		{811B3AE4-4BF7-4CAD-991C-567D6377F428} = {EC672BE5-D20E-4EF7-8C0F-D436540FFF9A}
		{67B0D689-4324-45A7-A17E-03E4FD0CB386} = {684FD96D-C698-4761-8E2C-6B4C08759B77}
		{14BE3145-C0A1-472C-B229-C9EF3B798312} = {EC672BE5-D20E-4EF7-8C0F-D436540FFF9A}
		{35AE2BEA-066D-4764-AF51-DA179299A7BE} = {D0040AB2-4D89-4BBE-B1CB-FAB64E741336}
	EndGlobalSection
	GlobalSection(ExtensibilityGlobals) = postSolution
		SolutionGuid = {FBAE082A-173A-4F13-BE31-E6C070513C9C}
	EndGlobalSection
EndGlobal
