
Microsoft Visual Studio Solution File, Format Version 12.00
# Visual Studio Version 16
VisualStudioVersion = 16.0.29424.173
MinimumVisualStudioVersion = 10.0.40219.1
Project("{FAE04EC0-301F-11D3-BF4B-00C04F79EFBC}") = "WpfApp", "WpfApp.csproj", "{67FBB62E-7A28-46F3-B490-3A9BFE96D76B}"
EndProject
Global
	GlobalSection(SolutionConfigurationPlatforms) = preSolution
		Debug|Any CPU = Debug|Any CPU
		Release|Any CPU = Release|Any CPU
	EndGlobalSection
	GlobalSection(ProjectConfigurationPlatforms) = postSolution
		{67FBB62E-7A28-46F3-B490-3A9BFE96D76B}.Debug|Any CPU.ActiveCfg = Debug|Any CPU
		{67FBB62E-7A28-46F3-B490-3A9BFE96D76B}.Debug|Any CPU.Build.0 = Debug|Any CPU
		{67FBB62E-7A28-46F3-B490-3A9BFE96D76B}.Release|Any CPU.ActiveCfg = Release|Any CPU
		{67FBB62E-7A28-46F3-B490-3A9BFE96D76B}.Release|Any CPU.Build.0 = Release|Any CPU
	EndGlobalSection
	GlobalSection(SolutionProperties) = preSolution
		HideSolutionNode = FALSE
	EndGlobalSection
	GlobalSection(ExtensibilityGlobals) = postSolution
		SolutionGuid = {690D200B-4A59-4F1C-B988-7A421A65CE67}
	EndGlobalSection
EndGlobal
