
Microsoft Visual Studio Solution File, Format Version 12.00
# Visual Studio Version 16
VisualStudioVersion = 16.0.28803.452
MinimumVisualStudioVersion = 10.0.40219.1
Project("{FAE04EC0-301F-11D3-BF4B-00C04F79EFBC}") = "ScottPlotQuickstartForms", "ScottPlotQuickstartForms.csproj", "{BFF99DC8-D811-4F0B-A229-EE0AFBF838E4}"
EndProject
Project("{FAE04EC0-301F-11D3-BF4B-00C04F79EFBC}") = "ScottPlot", "..\..\src\ScottPlot\ScottPlot.csproj", "{EE9215C6-01C1-4835-8514-3A708F9291F1}"
EndProject
Global
	GlobalSection(SolutionConfigurationPlatforms) = preSolution
		Debug|Any CPU = Debug|Any CPU
		Release|Any CPU = Release|Any CPU
	EndGlobalSection
	GlobalSection(ProjectConfigurationPlatforms) = postSolution
		{BFF99DC8-D811-4F0B-A229-EE0AFBF838E4}.Debug|Any CPU.ActiveCfg = Debug|Any CPU
		{BFF99DC8-D811-4F0B-A229-EE0AFBF838E4}.Debug|Any CPU.Build.0 = Debug|Any CPU
		{BFF99DC8-D811-4F0B-A229-EE0AFBF838E4}.Release|Any CPU.ActiveCfg = Release|Any CPU
		{BFF99DC8-D811-4F0B-A229-EE0AFBF838E4}.Release|Any CPU.Build.0 = Release|Any CPU
		{EE9215C6-01C1-4835-8514-3A708F9291F1}.Debug|Any CPU.ActiveCfg = Debug|Any CPU
		{EE9215C6-01C1-4835-8514-3A708F9291F1}.Debug|Any CPU.Build.0 = Debug|Any CPU
		{EE9215C6-01C1-4835-8514-3A708F9291F1}.Release|Any CPU.ActiveCfg = Release|Any CPU
		{EE9215C6-01C1-4835-8514-3A708F9291F1}.Release|Any CPU.Build.0 = Release|Any CPU
	EndGlobalSection
	GlobalSection(SolutionProperties) = preSolution
		HideSolutionNode = FALSE
	EndGlobalSection
	GlobalSection(ExtensibilityGlobals) = postSolution
		SolutionGuid = {5166907B-754A-46EF-99C8-F97DA485E254}
	EndGlobalSection
EndGlobal
