
Microsoft Visual Studio Solution File, Format Version 12.00
# Visual Studio Version 17
VisualStudioVersion = 17.0.31717.71
MinimumVisualStudioVersion = 10.0.40219.1
Project("{9A19103F-16F7-4668-BE54-9A1E7A4F7556}") = "ScottPlot", "ScottPlot\ScottPlot.csproj", "{EE9215C6-01C1-4835-8514-3A708F9291F1}"
EndProject
Project("{9A19103F-16F7-4668-BE54-9A1E7A4F7556}") = "ScottPlotTests", "tests\ScottPlotTests.csproj", "{DDBB14B8-2B35-4B8B-83A9-4447D1E7B19B}"
EndProject
Project("{9A19103F-16F7-4668-BE54-9A1E7A4F7556}") = "ScottPlot.WinForms", "controls\ScottPlot.WinForms\ScottPlot.WinForms.csproj", "{1561FB75-F36A-44DC-BBA7-DA15DFF997ED}"
EndProject
Project("{9A19103F-16F7-4668-BE54-9A1E7A4F7556}") = "ScottPlot.WPF", "controls\ScottPlot.WPF\ScottPlot.WPF.csproj", "{C94967B9-731F-4F59-ABFD-685E3D03B298}"
EndProject
Project("{2150E333-8FDC-42A3-9474-1A3956D46DE8}") = "controls", "controls", "{E6E0010E-1E4C-4C31-849D-BCB35CCA1B7B}"
EndProject
Project("{2150E333-8FDC-42A3-9474-1A3956D46DE8}") = "tests", "tests", "{51A4D74A-B544-410A-B5F7-07949CA8BE4A}"
EndProject
Project("{9A19103F-16F7-4668-BE54-9A1E7A4F7556}") = "WPF Demo", "demo\ScottPlot.Demo.WPF\WPF Demo.csproj", "{76C7D33E-964D-4738-8A01-F7D70B628F10}"
EndProject
Project("{9A19103F-16F7-4668-BE54-9A1E7A4F7556}") = "WinForms Demo", "demo\ScottPlot.Demo.WinForms\WinForms Demo.csproj", "{163492F4-4E03-4155-B5F2-3620C211B2E7}"
EndProject
Project("{2150E333-8FDC-42A3-9474-1A3956D46DE8}") = "dev", "dev", "{35F8F55D-8E1E-44BC-9DE2-C60DCD42BDCB}"
	ProjectSection(SolutionItems) = preProject
		..\dev\changelog.md = ..\dev\changelog.md
		..\dev\roadmap.md = ..\dev\roadmap.md
	EndProjectSection
EndProject
Project("{2150E333-8FDC-42A3-9474-1A3956D46DE8}") = "demo", "demo", "{D0040AB2-4D89-4BBE-B1CB-FAB64E741336}"
EndProject
Project("{9A19103F-16F7-4668-BE54-9A1E7A4F7556}") = "ScottPlot.Avalonia", "controls\ScottPlot.Avalonia\ScottPlot.Avalonia.csproj", "{74A9E843-D673-4171-8A52-43D10FE42380}"
EndProject
Project("{9A19103F-16F7-4668-BE54-9A1E7A4F7556}") = "Avalonia Demo", "demo\ScottPlot.Demo.Avalonia\Avalonia Demo.csproj", "{8B76BD3E-AC5B-40DD-83E8-2507A6D30168}"
EndProject
Project("{2150E333-8FDC-42A3-9474-1A3956D46DE8}") = "cookbook", "cookbook", "{21ED0CBA-9D21-4096-98CF-3660FC465ADD}"
EndProject
Project("{2150E333-8FDC-42A3-9474-1A3956D46DE8}") = "sandbox", "sandbox", "{2211896B-D6E5-4500-A576-A495A11C5524}"
EndProject
Project("{9A19103F-16F7-4668-BE54-9A1E7A4F7556}") = "ConsoleApp", "sandbox\ConsoleApp\ConsoleApp.csproj", "{1191AF7E-662E-40D4-A2F1-2C5FD4BCBDC2}"
EndProject
Project("{9A19103F-16F7-4668-BE54-9A1E7A4F7556}") = "WpfApp", "sandbox\WpfApp\WpfApp.csproj", "{C9D7BA42-87BF-4AA5-88D7-041DD8FC3D79}"
EndProject
Project("{9A19103F-16F7-4668-BE54-9A1E7A4F7556}") = "WinFormsApp", "sandbox\WinFormsApp\WinFormsApp.csproj", "{811B3AE4-4BF7-4CAD-991C-567D6377F428}"
EndProject
Project("{9A19103F-16F7-4668-BE54-9A1E7A4F7556}") = "Versioner", "..\dev\tools\Versioner\Versioner.csproj", "{0F7DFE8E-E516-4950-B3A2-A55F7AD6CEDF}"
EndProject
Project("{9A19103F-16F7-4668-BE54-9A1E7A4F7556}") = "ScottPlot.Cookbook", "cookbook\ScottPlot.Cookbook\ScottPlot.Cookbook.csproj", "{1CD9CD76-65C7-47B7-A7BA-F09A9459E3E1}"
EndProject
Project("{9A19103F-16F7-4668-BE54-9A1E7A4F7556}") = "CookbookGenerator", "cookbook\CookbookGenerator\CookbookGenerator.csproj", "{DE7CF85E-6C13-4B73-B999-D8FD488ADE01}"
EndProject
Project("{9A19103F-16F7-4668-BE54-9A1E7A4F7556}") = "DemoPackager", "..\dev\tools\DemoPackager\DemoPackager.csproj", "{73D4E956-FAC9-4200-A03C-9D74FED9B4F1}"
EndProject
Project("{9A19103F-16F7-4668-BE54-9A1E7A4F7556}") = "ScottPlot.Eto", "controls\ScottPlot.Eto\ScottPlot.Eto.csproj", "{67B0D689-4324-45A7-A17E-03E4FD0CB386}"
EndProject
Project("{9A19103F-16F7-4668-BE54-9A1E7A4F7556}") = "EtoApp", "sandbox\EtoApp\EtoApp.csproj", "{14BE3145-C0A1-472C-B229-C9EF3B798312}"
EndProject
Project("{9A19103F-16F7-4668-BE54-9A1E7A4F7556}") = "Eto.Forms Demo", "demo\ScottPlot.Demo.Eto\Eto.Forms Demo.csproj", "{35AE2BEA-066D-4764-AF51-DA179299A7BE}"
EndProject
Global
	GlobalSection(SolutionConfigurationPlatforms) = preSolution
		Debug|Any CPU = Debug|Any CPU
		Release|Any CPU = Release|Any CPU
	EndGlobalSection
	GlobalSection(ProjectConfigurationPlatforms) = postSolution
		{EE9215C6-01C1-4835-8514-3A708F9291F1}.Debug|Any CPU.ActiveCfg = Debug|Any CPU
		{EE9215C6-01C1-4835-8514-3A708F9291F1}.Debug|Any CPU.Build.0 = Debug|Any CPU
		{EE9215C6-01C1-4835-8514-3A708F9291F1}.Release|Any CPU.ActiveCfg = Release|Any CPU
		{EE9215C6-01C1-4835-8514-3A708F9291F1}.Release|Any CPU.Build.0 = Release|Any CPU
		{DDBB14B8-2B35-4B8B-83A9-4447D1E7B19B}.Debug|Any CPU.ActiveCfg = Debug|Any CPU
		{DDBB14B8-2B35-4B8B-83A9-4447D1E7B19B}.Debug|Any CPU.Build.0 = Debug|Any CPU
		{DDBB14B8-2B35-4B8B-83A9-4447D1E7B19B}.Release|Any CPU.ActiveCfg = Release|Any CPU
		{DDBB14B8-2B35-4B8B-83A9-4447D1E7B19B}.Release|Any CPU.Build.0 = Release|Any CPU
		{1561FB75-F36A-44DC-BBA7-DA15DFF997ED}.Debug|Any CPU.ActiveCfg = Debug|Any CPU
		{1561FB75-F36A-44DC-BBA7-DA15DFF997ED}.Debug|Any CPU.Build.0 = Debug|Any CPU
		{1561FB75-F36A-44DC-BBA7-DA15DFF997ED}.Release|Any CPU.ActiveCfg = Release|Any CPU
		{1561FB75-F36A-44DC-BBA7-DA15DFF997ED}.Release|Any CPU.Build.0 = Release|Any CPU
		{C94967B9-731F-4F59-ABFD-685E3D03B298}.Debug|Any CPU.ActiveCfg = Debug|Any CPU
		{C94967B9-731F-4F59-ABFD-685E3D03B298}.Debug|Any CPU.Build.0 = Debug|Any CPU
		{C94967B9-731F-4F59-ABFD-685E3D03B298}.Release|Any CPU.ActiveCfg = Release|Any CPU
		{C94967B9-731F-4F59-ABFD-685E3D03B298}.Release|Any CPU.Build.0 = Release|Any CPU
		{76C7D33E-964D-4738-8A01-F7D70B628F10}.Debug|Any CPU.ActiveCfg = Debug|Any CPU
		{76C7D33E-964D-4738-8A01-F7D70B628F10}.Debug|Any CPU.Build.0 = Debug|Any CPU
		{76C7D33E-964D-4738-8A01-F7D70B628F10}.Release|Any CPU.ActiveCfg = Release|Any CPU
		{76C7D33E-964D-4738-8A01-F7D70B628F10}.Release|Any CPU.Build.0 = Release|Any CPU
		{163492F4-4E03-4155-B5F2-3620C211B2E7}.Debug|Any CPU.ActiveCfg = Debug|Any CPU
		{163492F4-4E03-4155-B5F2-3620C211B2E7}.Debug|Any CPU.Build.0 = Debug|Any CPU
		{163492F4-4E03-4155-B5F2-3620C211B2E7}.Release|Any CPU.ActiveCfg = Release|Any CPU
		{163492F4-4E03-4155-B5F2-3620C211B2E7}.Release|Any CPU.Build.0 = Release|Any CPU
		{74A9E843-D673-4171-8A52-43D10FE42380}.Debug|Any CPU.ActiveCfg = Debug|Any CPU
		{74A9E843-D673-4171-8A52-43D10FE42380}.Debug|Any CPU.Build.0 = Debug|Any CPU
		{74A9E843-D673-4171-8A52-43D10FE42380}.Release|Any CPU.ActiveCfg = Release|Any CPU
		{74A9E843-D673-4171-8A52-43D10FE42380}.Release|Any CPU.Build.0 = Release|Any CPU
		{8B76BD3E-AC5B-40DD-83E8-2507A6D30168}.Debug|Any CPU.ActiveCfg = Debug|Any CPU
		{8B76BD3E-AC5B-40DD-83E8-2507A6D30168}.Debug|Any CPU.Build.0 = Debug|Any CPU
		{8B76BD3E-AC5B-40DD-83E8-2507A6D30168}.Release|Any CPU.ActiveCfg = Release|Any CPU
		{8B76BD3E-AC5B-40DD-83E8-2507A6D30168}.Release|Any CPU.Build.0 = Release|Any CPU
		{1191AF7E-662E-40D4-A2F1-2C5FD4BCBDC2}.Debug|Any CPU.ActiveCfg = Debug|Any CPU
		{1191AF7E-662E-40D4-A2F1-2C5FD4BCBDC2}.Debug|Any CPU.Build.0 = Debug|Any CPU
		{1191AF7E-662E-40D4-A2F1-2C5FD4BCBDC2}.Release|Any CPU.ActiveCfg = Release|Any CPU
		{1191AF7E-662E-40D4-A2F1-2C5FD4BCBDC2}.Release|Any CPU.Build.0 = Release|Any CPU
		{C9D7BA42-87BF-4AA5-88D7-041DD8FC3D79}.Debug|Any CPU.ActiveCfg = Debug|Any CPU
		{C9D7BA42-87BF-4AA5-88D7-041DD8FC3D79}.Debug|Any CPU.Build.0 = Debug|Any CPU
		{C9D7BA42-87BF-4AA5-88D7-041DD8FC3D79}.Release|Any CPU.ActiveCfg = Release|Any CPU
		{C9D7BA42-87BF-4AA5-88D7-041DD8FC3D79}.Release|Any CPU.Build.0 = Release|Any CPU
		{811B3AE4-4BF7-4CAD-991C-567D6377F428}.Debug|Any CPU.ActiveCfg = Debug|Any CPU
		{811B3AE4-4BF7-4CAD-991C-567D6377F428}.Debug|Any CPU.Build.0 = Debug|Any CPU
		{811B3AE4-4BF7-4CAD-991C-567D6377F428}.Release|Any CPU.ActiveCfg = Release|Any CPU
		{811B3AE4-4BF7-4CAD-991C-567D6377F428}.Release|Any CPU.Build.0 = Release|Any CPU
		{0F7DFE8E-E516-4950-B3A2-A55F7AD6CEDF}.Debug|Any CPU.ActiveCfg = Debug|Any CPU
		{0F7DFE8E-E516-4950-B3A2-A55F7AD6CEDF}.Debug|Any CPU.Build.0 = Debug|Any CPU
		{0F7DFE8E-E516-4950-B3A2-A55F7AD6CEDF}.Release|Any CPU.ActiveCfg = Release|Any CPU
		{0F7DFE8E-E516-4950-B3A2-A55F7AD6CEDF}.Release|Any CPU.Build.0 = Release|Any CPU
		{1CD9CD76-65C7-47B7-A7BA-F09A9459E3E1}.Debug|Any CPU.ActiveCfg = Debug|Any CPU
		{1CD9CD76-65C7-47B7-A7BA-F09A9459E3E1}.Debug|Any CPU.Build.0 = Debug|Any CPU
		{1CD9CD76-65C7-47B7-A7BA-F09A9459E3E1}.Release|Any CPU.ActiveCfg = Release|Any CPU
		{1CD9CD76-65C7-47B7-A7BA-F09A9459E3E1}.Release|Any CPU.Build.0 = Release|Any CPU
		{DE7CF85E-6C13-4B73-B999-D8FD488ADE01}.Debug|Any CPU.ActiveCfg = Debug|Any CPU
		{DE7CF85E-6C13-4B73-B999-D8FD488ADE01}.Debug|Any CPU.Build.0 = Debug|Any CPU
		{DE7CF85E-6C13-4B73-B999-D8FD488ADE01}.Release|Any CPU.ActiveCfg = Release|Any CPU
		{DE7CF85E-6C13-4B73-B999-D8FD488ADE01}.Release|Any CPU.Build.0 = Release|Any CPU
		{73D4E956-FAC9-4200-A03C-9D74FED9B4F1}.Debug|Any CPU.ActiveCfg = Debug|Any CPU
		{73D4E956-FAC9-4200-A03C-9D74FED9B4F1}.Debug|Any CPU.Build.0 = Debug|Any CPU
		{73D4E956-FAC9-4200-A03C-9D74FED9B4F1}.Release|Any CPU.ActiveCfg = Release|Any CPU
		{73D4E956-FAC9-4200-A03C-9D74FED9B4F1}.Release|Any CPU.Build.0 = Release|Any CPU
		{67B0D689-4324-45A7-A17E-03E4FD0CB386}.Debug|Any CPU.ActiveCfg = Debug|Any CPU
		{67B0D689-4324-45A7-A17E-03E4FD0CB386}.Debug|Any CPU.Build.0 = Debug|Any CPU
		{67B0D689-4324-45A7-A17E-03E4FD0CB386}.Release|Any CPU.ActiveCfg = Release|Any CPU
		{67B0D689-4324-45A7-A17E-03E4FD0CB386}.Release|Any CPU.Build.0 = Release|Any CPU
		{14BE3145-C0A1-472C-B229-C9EF3B798312}.Debug|Any CPU.ActiveCfg = Debug|Any CPU
		{14BE3145-C0A1-472C-B229-C9EF3B798312}.Debug|Any CPU.Build.0 = Debug|Any CPU
		{14BE3145-C0A1-472C-B229-C9EF3B798312}.Release|Any CPU.ActiveCfg = Release|Any CPU
		{14BE3145-C0A1-472C-B229-C9EF3B798312}.Release|Any CPU.Build.0 = Release|Any CPU
		{35AE2BEA-066D-4764-AF51-DA179299A7BE}.Debug|Any CPU.ActiveCfg = Debug|Any CPU
		{35AE2BEA-066D-4764-AF51-DA179299A7BE}.Debug|Any CPU.Build.0 = Debug|Any CPU
		{35AE2BEA-066D-4764-AF51-DA179299A7BE}.Release|Any CPU.ActiveCfg = Release|Any CPU
		{35AE2BEA-066D-4764-AF51-DA179299A7BE}.Release|Any CPU.Build.0 = Release|Any CPU
	EndGlobalSection
	GlobalSection(SolutionProperties) = preSolution
		HideSolutionNode = FALSE
	EndGlobalSection
	GlobalSection(NestedProjects) = preSolution
		{DDBB14B8-2B35-4B8B-83A9-4447D1E7B19B} = {51A4D74A-B544-410A-B5F7-07949CA8BE4A}
		{1561FB75-F36A-44DC-BBA7-DA15DFF997ED} = {E6E0010E-1E4C-4C31-849D-BCB35CCA1B7B}
		{C94967B9-731F-4F59-ABFD-685E3D03B298} = {E6E0010E-1E4C-4C31-849D-BCB35CCA1B7B}
		{76C7D33E-964D-4738-8A01-F7D70B628F10} = {D0040AB2-4D89-4BBE-B1CB-FAB64E741336}
		{163492F4-4E03-4155-B5F2-3620C211B2E7} = {D0040AB2-4D89-4BBE-B1CB-FAB64E741336}
		{74A9E843-D673-4171-8A52-43D10FE42380} = {E6E0010E-1E4C-4C31-849D-BCB35CCA1B7B}
		{8B76BD3E-AC5B-40DD-83E8-2507A6D30168} = {D0040AB2-4D89-4BBE-B1CB-FAB64E741336}
		{1191AF7E-662E-40D4-A2F1-2C5FD4BCBDC2} = {2211896B-D6E5-4500-A576-A495A11C5524}
		{C9D7BA42-87BF-4AA5-88D7-041DD8FC3D79} = {2211896B-D6E5-4500-A576-A495A11C5524}
		{811B3AE4-4BF7-4CAD-991C-567D6377F428} = {2211896B-D6E5-4500-A576-A495A11C5524}
		{0F7DFE8E-E516-4950-B3A2-A55F7AD6CEDF} = {35F8F55D-8E1E-44BC-9DE2-C60DCD42BDCB}
		{1CD9CD76-65C7-47B7-A7BA-F09A9459E3E1} = {21ED0CBA-9D21-4096-98CF-3660FC465ADD}
		{DE7CF85E-6C13-4B73-B999-D8FD488ADE01} = {35F8F55D-8E1E-44BC-9DE2-C60DCD42BDCB}
		{73D4E956-FAC9-4200-A03C-9D74FED9B4F1} = {35F8F55D-8E1E-44BC-9DE2-C60DCD42BDCB}
		{67B0D689-4324-45A7-A17E-03E4FD0CB386} = {E6E0010E-1E4C-4C31-849D-BCB35CCA1B7B}
		{14BE3145-C0A1-472C-B229-C9EF3B798312} = {2211896B-D6E5-4500-A576-A495A11C5524}
		{35AE2BEA-066D-4764-AF51-DA179299A7BE} = {D0040AB2-4D89-4BBE-B1CB-FAB64E741336}
	EndGlobalSection
	GlobalSection(ExtensibilityGlobals) = postSolution
		SolutionGuid = {FBAE082A-173A-4F13-BE31-E6C070513C9C}
	EndGlobalSection
EndGlobal
