
Microsoft Visual Studio Solution File, Format Version 12.00
# Visual Studio 15
VisualStudioVersion = 15.0.27130.2026
MinimumVisualStudioVersion = 10.0.40219.1
Project("{FAE04EC0-301F-11D3-BF4B-00C04F79EFBC}") = "ScottPlot", "ScottPlot\ScottPlot.csproj", "{146D9444-8D80-4049-AB17-55AE852F59E3}"
EndProject
Project("{2150E333-8FDC-42A3-9474-1A3956D46DE8}") = "examples", "examples", "{D344FBF7-BA75-4479-8FC4-E651870BCF2B}"
EndProject
Project("{FAE04EC0-301F-11D3-BF4B-00C04F79EFBC}") = "Cookbook", "Examples\console\ConsoleApp1\Cookbook.csproj", "{D1839E36-95B2-4145-8E56-1E48CAA21378}"
EndProject
Project("{FAE04EC0-301F-11D3-BF4B-00C04F79EFBC}") = "Simple", "Examples\GUI\Simple\Simple.csproj", "{B71E64A5-CD93-47BB-8323-21522999CDD2}"
EndProject
Project("{2150E333-8FDC-42A3-9474-1A3956D46DE8}") = "GUI", "GUI", "{AD46778C-067E-47F6-A26D-1D624FABC518}"
EndProject
Project("{2150E333-8FDC-42A3-9474-1A3956D46DE8}") = "console", "console", "{94B4B4F5-FBB5-4B24-A02C-53D2F867D298}"
EndProject
Project("{FAE04EC0-301F-11D3-BF4B-00C04F79EFBC}") = "DevCode", "Examples\console\ConsoleApp2\DevCode.csproj", "{C438E20B-8793-4051-8D36-853EF054BD90}"
EndProject
Project("{FAE04EC0-301F-11D3-BF4B-00C04F79EFBC}") = "Resizable", "Examples\GUI\Resizable\Resizable.csproj", "{86AFEA7F-5962-4088-9B98-93D881CE6023}"
EndProject
Project("{FAE04EC0-301F-11D3-BF4B-00C04F79EFBC}") = "Interactive", "Examples\GUI\Interactive\Interactive\Interactive.csproj", "{3061292B-5419-4B03-9F5C-B7EE23DC1B73}"
EndProject
Project("{FAE04EC0-301F-11D3-BF4B-00C04F79EFBC}") = "Signal", "Examples\GUI\Signal\Signal.csproj", "{1AC977A1-14A6-4B3D-ABD9-10D8DEE4C3E9}"
EndProject
Project("{FAE04EC0-301F-11D3-BF4B-00C04F79EFBC}") = "ScottPlotUC Demo", "Examples\GUI\ScottPlotUC Demo\ScottPlotUC Demo.csproj", "{C8D5AC19-D590-4467-9833-C13D0ECFBF53}"
EndProject
Global
	GlobalSection(SolutionConfigurationPlatforms) = preSolution
		Debug|Any CPU = Debug|Any CPU
		Release|Any CPU = Release|Any CPU
	EndGlobalSection
	GlobalSection(ProjectConfigurationPlatforms) = postSolution
		{146D9444-8D80-4049-AB17-55AE852F59E3}.Debug|Any CPU.ActiveCfg = Debug|Any CPU
		{146D9444-8D80-4049-AB17-55AE852F59E3}.Debug|Any CPU.Build.0 = Debug|Any CPU
		{146D9444-8D80-4049-AB17-55AE852F59E3}.Release|Any CPU.ActiveCfg = Release|Any CPU
		{146D9444-8D80-4049-AB17-55AE852F59E3}.Release|Any CPU.Build.0 = Release|Any CPU
		{D1839E36-95B2-4145-8E56-1E48CAA21378}.Debug|Any CPU.ActiveCfg = Debug|Any CPU
		{D1839E36-95B2-4145-8E56-1E48CAA21378}.Debug|Any CPU.Build.0 = Debug|Any CPU
		{D1839E36-95B2-4145-8E56-1E48CAA21378}.Release|Any CPU.ActiveCfg = Release|Any CPU
		{D1839E36-95B2-4145-8E56-1E48CAA21378}.Release|Any CPU.Build.0 = Release|Any CPU
		{B71E64A5-CD93-47BB-8323-21522999CDD2}.Debug|Any CPU.ActiveCfg = Debug|Any CPU
		{B71E64A5-CD93-47BB-8323-21522999CDD2}.Debug|Any CPU.Build.0 = Debug|Any CPU
		{B71E64A5-CD93-47BB-8323-21522999CDD2}.Release|Any CPU.ActiveCfg = Release|Any CPU
		{B71E64A5-CD93-47BB-8323-21522999CDD2}.Release|Any CPU.Build.0 = Release|Any CPU
		{C438E20B-8793-4051-8D36-853EF054BD90}.Debug|Any CPU.ActiveCfg = Debug|Any CPU
		{C438E20B-8793-4051-8D36-853EF054BD90}.Debug|Any CPU.Build.0 = Debug|Any CPU
		{C438E20B-8793-4051-8D36-853EF054BD90}.Release|Any CPU.ActiveCfg = Release|Any CPU
		{C438E20B-8793-4051-8D36-853EF054BD90}.Release|Any CPU.Build.0 = Release|Any CPU
		{86AFEA7F-5962-4088-9B98-93D881CE6023}.Debug|Any CPU.ActiveCfg = Debug|Any CPU
		{86AFEA7F-5962-4088-9B98-93D881CE6023}.Debug|Any CPU.Build.0 = Debug|Any CPU
		{86AFEA7F-5962-4088-9B98-93D881CE6023}.Release|Any CPU.ActiveCfg = Release|Any CPU
		{86AFEA7F-5962-4088-9B98-93D881CE6023}.Release|Any CPU.Build.0 = Release|Any CPU
		{3061292B-5419-4B03-9F5C-B7EE23DC1B73}.Debug|Any CPU.ActiveCfg = Debug|Any CPU
		{3061292B-5419-4B03-9F5C-B7EE23DC1B73}.Debug|Any CPU.Build.0 = Debug|Any CPU
		{3061292B-5419-4B03-9F5C-B7EE23DC1B73}.Release|Any CPU.ActiveCfg = Release|Any CPU
		{3061292B-5419-4B03-9F5C-B7EE23DC1B73}.Release|Any CPU.Build.0 = Release|Any CPU
		{1AC977A1-14A6-4B3D-ABD9-10D8DEE4C3E9}.Debug|Any CPU.ActiveCfg = Debug|Any CPU
		{1AC977A1-14A6-4B3D-ABD9-10D8DEE4C3E9}.Debug|Any CPU.Build.0 = Debug|Any CPU
		{1AC977A1-14A6-4B3D-ABD9-10D8DEE4C3E9}.Release|Any CPU.ActiveCfg = Release|Any CPU
		{1AC977A1-14A6-4B3D-ABD9-10D8DEE4C3E9}.Release|Any CPU.Build.0 = Release|Any CPU
		{C8D5AC19-D590-4467-9833-C13D0ECFBF53}.Debug|Any CPU.ActiveCfg = Debug|Any CPU
		{C8D5AC19-D590-4467-9833-C13D0ECFBF53}.Debug|Any CPU.Build.0 = Debug|Any CPU
		{C8D5AC19-D590-4467-9833-C13D0ECFBF53}.Release|Any CPU.ActiveCfg = Release|Any CPU
		{C8D5AC19-D590-4467-9833-C13D0ECFBF53}.Release|Any CPU.Build.0 = Release|Any CPU
	EndGlobalSection
	GlobalSection(SolutionProperties) = preSolution
		HideSolutionNode = FALSE
	EndGlobalSection
	GlobalSection(NestedProjects) = preSolution
		{D1839E36-95B2-4145-8E56-1E48CAA21378} = {94B4B4F5-FBB5-4B24-A02C-53D2F867D298}
		{B71E64A5-CD93-47BB-8323-21522999CDD2} = {AD46778C-067E-47F6-A26D-1D624FABC518}
		{AD46778C-067E-47F6-A26D-1D624FABC518} = {D344FBF7-BA75-4479-8FC4-E651870BCF2B}
		{94B4B4F5-FBB5-4B24-A02C-53D2F867D298} = {D344FBF7-BA75-4479-8FC4-E651870BCF2B}
		{C438E20B-8793-4051-8D36-853EF054BD90} = {94B4B4F5-FBB5-4B24-A02C-53D2F867D298}
		{86AFEA7F-5962-4088-9B98-93D881CE6023} = {AD46778C-067E-47F6-A26D-1D624FABC518}
		{3061292B-5419-4B03-9F5C-B7EE23DC1B73} = {AD46778C-067E-47F6-A26D-1D624FABC518}
		{1AC977A1-14A6-4B3D-ABD9-10D8DEE4C3E9} = {AD46778C-067E-47F6-A26D-1D624FABC518}
		{C8D5AC19-D590-4467-9833-C13D0ECFBF53} = {AD46778C-067E-47F6-A26D-1D624FABC518}
	EndGlobalSection
	GlobalSection(ExtensibilityGlobals) = postSolution
		SolutionGuid = {69F124C0-1CE8-46C3-8238-E25AAD6C816E}
	EndGlobalSection
EndGlobal
