
Microsoft Visual Studio Solution File, Format Version 12.00
# Visual Studio Version 17
VisualStudioVersion = 17.0.31717.71
MinimumVisualStudioVersion = 10.0.40219.1
Project("{9A19103F-16F7-4668-BE54-9A1E7A4F7556}") = "ScottPlot", "ScottPlot4\ScottPlot\ScottPlot.csproj", "{EE9215C6-01C1-4835-8514-3A708F9291F1}"
EndProject
Project("{9A19103F-16F7-4668-BE54-9A1E7A4F7556}") = "ScottPlot.Tests", "ScottPlot4\ScottPlot.Tests\ScottPlot.Tests.csproj", "{DDBB14B8-2B35-4B8B-83A9-4447D1E7B19B}"
EndProject
Project("{9A19103F-16F7-4668-BE54-9A1E7A4F7556}") = "ScottPlot.WinForms", "ScottPlot4\ScottPlot.WinForms\ScottPlot.WinForms.csproj", "{1561FB75-F36A-44DC-BBA7-DA15DFF997ED}"
EndProject
Project("{9A19103F-16F7-4668-BE54-9A1E7A4F7556}") = "ScottPlot.WPF", "ScottPlot4\ScottPlot.WPF\ScottPlot.WPF.csproj", "{C94967B9-731F-4F59-ABFD-685E3D03B298}"
EndProject
Project("{9A19103F-16F7-4668-BE54-9A1E7A4F7556}") = "WPF Demo", "ScottPlot4\ScottPlot.Demo\ScottPlot.Demo.WPF\WPF Demo.csproj", "{76C7D33E-964D-4738-8A01-F7D70B628F10}"
EndProject
Project("{9A19103F-16F7-4668-BE54-9A1E7A4F7556}") = "WinForms Demo", "ScottPlot4\ScottPlot.Demo\ScottPlot.Demo.WinForms\WinForms Demo.csproj", "{163492F4-4E03-4155-B5F2-3620C211B2E7}"
EndProject
Project("{2150E333-8FDC-42A3-9474-1A3956D46DE8}") = "Demos", "Demos", "{D0040AB2-4D89-4BBE-B1CB-FAB64E741336}"
EndProject
Project("{9A19103F-16F7-4668-BE54-9A1E7A4F7556}") = "ScottPlot.Avalonia", "ScottPlot4\ScottPlot.Avalonia\ScottPlot.Avalonia.csproj", "{74A9E843-D673-4171-8A52-43D10FE42380}"
EndProject
Project("{9A19103F-16F7-4668-BE54-9A1E7A4F7556}") = "Avalonia Demo", "ScottPlot4\ScottPlot.Demo\ScottPlot.Demo.Avalonia\Avalonia Demo.csproj", "{8B76BD3E-AC5B-40DD-83E8-2507A6D30168}"
EndProject
Project("{9A19103F-16F7-4668-BE54-9A1E7A4F7556}") = "ConsoleApp", "ScottPlot4\ScottPlot.Sandbox\ConsoleApp\ConsoleApp.csproj", "{1191AF7E-662E-40D4-A2F1-2C5FD4BCBDC2}"
EndProject
Project("{9A19103F-16F7-4668-BE54-9A1E7A4F7556}") = "WpfApp", "ScottPlot4\ScottPlot.Sandbox\WpfApp\WpfApp.csproj", "{C9D7BA42-87BF-4AA5-88D7-041DD8FC3D79}"
EndProject
Project("{9A19103F-16F7-4668-BE54-9A1E7A4F7556}") = "WinFormsApp", "ScottPlot4\ScottPlot.Sandbox\WinFormsApp\WinFormsApp.csproj", "{811B3AE4-4BF7-4CAD-991C-567D6377F428}"
EndProject
Project("{9A19103F-16F7-4668-BE54-9A1E7A4F7556}") = "ScottPlot.Cookbook", "ScottPlot4\ScottPlot.Cookbook\ScottPlot.Cookbook.csproj", "{1CD9CD76-65C7-47B7-A7BA-F09A9459E3E1}"
EndProject
Project("{9A19103F-16F7-4668-BE54-9A1E7A4F7556}") = "ScottPlot.Eto", "ScottPlot4\ScottPlot.Eto\ScottPlot.Eto.csproj", "{67B0D689-4324-45A7-A17E-03E4FD0CB386}"
EndProject
Project("{9A19103F-16F7-4668-BE54-9A1E7A4F7556}") = "EtoApp", "ScottPlot4\ScottPlot.Sandbox\EtoApp\EtoApp.csproj", "{14BE3145-C0A1-472C-B229-C9EF3B798312}"
EndProject
Project("{9A19103F-16F7-4668-BE54-9A1E7A4F7556}") = "Eto.Forms Demo", "ScottPlot4\ScottPlot.Demo\ScottPlot.Demo.Eto\Eto.Forms Demo.csproj", "{35AE2BEA-066D-4764-AF51-DA179299A7BE}"
EndProject
Project("{2150E333-8FDC-42A3-9474-1A3956D46DE8}") = "Sandbox", "Sandbox", "{EC672BE5-D20E-4EF7-8C0F-D436540FFF9A}"
EndProject
Project("{2150E333-8FDC-42A3-9474-1A3956D46DE8}") = "Controls", "Controls", "{684FD96D-C698-4761-8E2C-6B4C08759B77}"
EndProject
Project("{9A19103F-16F7-4668-BE54-9A1E7A4F7556}") = "ScottPlot.Benchmarks", "ScottPlot4\ScottPlot.Benchmarks\ScottPlot.Benchmarks.csproj", "{80381368-144D-4CAE-8FA7-56E8E5AF5B60}"
EndProject
Project("{2150E333-8FDC-42A3-9474-1A3956D46DE8}") = "ScottPlot4", "ScottPlot4", "{62AD4585-D397-4417-97F1-67A03C881157}"
EndProject
Project("{2150E333-8FDC-42A3-9474-1A3956D46DE8}") = "ScottPlot5-preview", "ScottPlot5-preview", "{5B9888C0-1422-447C-9246-D74B85BBB081}"
EndProject
Project("{9A19103F-16F7-4668-BE54-9A1E7A4F7556}") = "ScottPlot", "ScottPlot5\ScottPlot5\ScottPlot.csproj", "{9EBDE18F-F155-4C30-AEDC-624D4AA13E8C}"
EndProject
Project("{9A19103F-16F7-4668-BE54-9A1E7A4F7556}") = "ScottPlot5 Tests", "ScottPlot5\ScottPlot5 Tests\ScottPlot5 Tests.csproj", "{E7958F5B-AEBF-45B4-B5C6-268117E44D2B}"
EndProject
Project("{2150E333-8FDC-42A3-9474-1A3956D46DE8}") = "Controls", "Controls", "{957BAA80-422B-4231-BEC1-D03FD89425A2}"
EndProject
Project("{9A19103F-16F7-4668-BE54-9A1E7A4F7556}") = "ScottPlot.WinForms", "ScottPlot5\ScottPlot5 Controls\ScottPlot.WinForms\ScottPlot.WinForms.csproj", "{7533069F-CC26-4B2F-8F23-4D5451C75538}"
EndProject
Project("{9A19103F-16F7-4668-BE54-9A1E7A4F7556}") = "ScottPlot.WPF", "ScottPlot5\ScottPlot5 Controls\ScottPlot.WPF\ScottPlot.WPF.csproj", "{F40FDE7D-9B87-4D3D-AEBE-8CA1CF29A10A}"
EndProject
Project("{9A19103F-16F7-4668-BE54-9A1E7A4F7556}") = "ScottPlot.Avalonia", "ScottPlot5\ScottPlot5 Controls\ScottPlot.Avalonia\ScottPlot.Avalonia.csproj", "{A4B18C4B-9CE4-4C07-9363-1AA7939000B2}"
EndProject
Project("{9A19103F-16F7-4668-BE54-9A1E7A4F7556}") = "ScottPlot.Eto", "ScottPlot5\ScottPlot5 Controls\ScottPlot.Eto\ScottPlot.Eto.csproj", "{F88380A1-CA54-4091-BF92-5C765CC2D3C5}"
EndProject
Project("{2150E333-8FDC-42A3-9474-1A3956D46DE8}") = "Demo", "Demo", "{6500EB02-9E5D-4FDF-AAEC-84B831B4E396}"
EndProject
Project("{9A19103F-16F7-4668-BE54-9A1E7A4F7556}") = "WinForms Demo", "ScottPlot5\ScottPlot5 Demos\ScottPlot5 WinForms Demo\WinForms Demo.csproj", "{B8430DC2-421A-4688-99CC-ABDBF983F925}"
EndProject
Project("{9A19103F-16F7-4668-BE54-9A1E7A4F7556}") = "ScottPlot5 Cookbook", "ScottPlot5\ScottPlot5 Cookbook\ScottPlot5 Cookbook.csproj", "{6DE0B192-9B44-4771-A888-3581D638C8A1}"
EndProject
Global
	GlobalSection(SolutionConfigurationPlatforms) = preSolution
		Debug|Any CPU = Debug|Any CPU
		Release|Any CPU = Release|Any CPU
	EndGlobalSection
	GlobalSection(ProjectConfigurationPlatforms) = postSolution
		{EE9215C6-01C1-4835-8514-3A708F9291F1}.Debug|Any CPU.ActiveCfg = Debug|Any CPU
		{EE9215C6-01C1-4835-8514-3A708F9291F1}.Debug|Any CPU.Build.0 = Debug|Any CPU
		{EE9215C6-01C1-4835-8514-3A708F9291F1}.Release|Any CPU.ActiveCfg = Release|Any CPU
		{EE9215C6-01C1-4835-8514-3A708F9291F1}.Release|Any CPU.Build.0 = Release|Any CPU
		{DDBB14B8-2B35-4B8B-83A9-4447D1E7B19B}.Debug|Any CPU.ActiveCfg = Debug|Any CPU
		{DDBB14B8-2B35-4B8B-83A9-4447D1E7B19B}.Debug|Any CPU.Build.0 = Debug|Any CPU
		{DDBB14B8-2B35-4B8B-83A9-4447D1E7B19B}.Release|Any CPU.ActiveCfg = Release|Any CPU
		{DDBB14B8-2B35-4B8B-83A9-4447D1E7B19B}.Release|Any CPU.Build.0 = Release|Any CPU
		{1561FB75-F36A-44DC-BBA7-DA15DFF997ED}.Debug|Any CPU.ActiveCfg = Debug|Any CPU
		{1561FB75-F36A-44DC-BBA7-DA15DFF997ED}.Debug|Any CPU.Build.0 = Debug|Any CPU
		{1561FB75-F36A-44DC-BBA7-DA15DFF997ED}.Release|Any CPU.ActiveCfg = Release|Any CPU
		{1561FB75-F36A-44DC-BBA7-DA15DFF997ED}.Release|Any CPU.Build.0 = Release|Any CPU
		{C94967B9-731F-4F59-ABFD-685E3D03B298}.Debug|Any CPU.ActiveCfg = Debug|Any CPU
		{C94967B9-731F-4F59-ABFD-685E3D03B298}.Debug|Any CPU.Build.0 = Debug|Any CPU
		{C94967B9-731F-4F59-ABFD-685E3D03B298}.Release|Any CPU.ActiveCfg = Release|Any CPU
		{C94967B9-731F-4F59-ABFD-685E3D03B298}.Release|Any CPU.Build.0 = Release|Any CPU
		{76C7D33E-964D-4738-8A01-F7D70B628F10}.Debug|Any CPU.ActiveCfg = Debug|Any CPU
		{76C7D33E-964D-4738-8A01-F7D70B628F10}.Debug|Any CPU.Build.0 = Debug|Any CPU
		{76C7D33E-964D-4738-8A01-F7D70B628F10}.Release|Any CPU.ActiveCfg = Release|Any CPU
		{76C7D33E-964D-4738-8A01-F7D70B628F10}.Release|Any CPU.Build.0 = Release|Any CPU
		{163492F4-4E03-4155-B5F2-3620C211B2E7}.Debug|Any CPU.ActiveCfg = Debug|Any CPU
		{163492F4-4E03-4155-B5F2-3620C211B2E7}.Debug|Any CPU.Build.0 = Debug|Any CPU
		{163492F4-4E03-4155-B5F2-3620C211B2E7}.Release|Any CPU.ActiveCfg = Release|Any CPU
		{163492F4-4E03-4155-B5F2-3620C211B2E7}.Release|Any CPU.Build.0 = Release|Any CPU
		{74A9E843-D673-4171-8A52-43D10FE42380}.Debug|Any CPU.ActiveCfg = Debug|Any CPU
		{74A9E843-D673-4171-8A52-43D10FE42380}.Debug|Any CPU.Build.0 = Debug|Any CPU
		{74A9E843-D673-4171-8A52-43D10FE42380}.Release|Any CPU.ActiveCfg = Release|Any CPU
		{74A9E843-D673-4171-8A52-43D10FE42380}.Release|Any CPU.Build.0 = Release|Any CPU
		{8B76BD3E-AC5B-40DD-83E8-2507A6D30168}.Debug|Any CPU.ActiveCfg = Debug|Any CPU
		{8B76BD3E-AC5B-40DD-83E8-2507A6D30168}.Debug|Any CPU.Build.0 = Debug|Any CPU
		{8B76BD3E-AC5B-40DD-83E8-2507A6D30168}.Release|Any CPU.ActiveCfg = Release|Any CPU
		{8B76BD3E-AC5B-40DD-83E8-2507A6D30168}.Release|Any CPU.Build.0 = Release|Any CPU
		{1191AF7E-662E-40D4-A2F1-2C5FD4BCBDC2}.Debug|Any CPU.ActiveCfg = Debug|Any CPU
		{1191AF7E-662E-40D4-A2F1-2C5FD4BCBDC2}.Debug|Any CPU.Build.0 = Debug|Any CPU
		{1191AF7E-662E-40D4-A2F1-2C5FD4BCBDC2}.Release|Any CPU.ActiveCfg = Release|Any CPU
		{1191AF7E-662E-40D4-A2F1-2C5FD4BCBDC2}.Release|Any CPU.Build.0 = Release|Any CPU
		{C9D7BA42-87BF-4AA5-88D7-041DD8FC3D79}.Debug|Any CPU.ActiveCfg = Debug|Any CPU
		{C9D7BA42-87BF-4AA5-88D7-041DD8FC3D79}.Debug|Any CPU.Build.0 = Debug|Any CPU
		{C9D7BA42-87BF-4AA5-88D7-041DD8FC3D79}.Release|Any CPU.ActiveCfg = Release|Any CPU
		{C9D7BA42-87BF-4AA5-88D7-041DD8FC3D79}.Release|Any CPU.Build.0 = Release|Any CPU
		{811B3AE4-4BF7-4CAD-991C-567D6377F428}.Debug|Any CPU.ActiveCfg = Debug|Any CPU
		{811B3AE4-4BF7-4CAD-991C-567D6377F428}.Debug|Any CPU.Build.0 = Debug|Any CPU
		{811B3AE4-4BF7-4CAD-991C-567D6377F428}.Release|Any CPU.ActiveCfg = Release|Any CPU
		{811B3AE4-4BF7-4CAD-991C-567D6377F428}.Release|Any CPU.Build.0 = Release|Any CPU
		{1CD9CD76-65C7-47B7-A7BA-F09A9459E3E1}.Debug|Any CPU.ActiveCfg = Debug|Any CPU
		{1CD9CD76-65C7-47B7-A7BA-F09A9459E3E1}.Debug|Any CPU.Build.0 = Debug|Any CPU
		{1CD9CD76-65C7-47B7-A7BA-F09A9459E3E1}.Release|Any CPU.ActiveCfg = Release|Any CPU
		{1CD9CD76-65C7-47B7-A7BA-F09A9459E3E1}.Release|Any CPU.Build.0 = Release|Any CPU
		{67B0D689-4324-45A7-A17E-03E4FD0CB386}.Debug|Any CPU.ActiveCfg = Debug|Any CPU
		{67B0D689-4324-45A7-A17E-03E4FD0CB386}.Debug|Any CPU.Build.0 = Debug|Any CPU
		{67B0D689-4324-45A7-A17E-03E4FD0CB386}.Release|Any CPU.ActiveCfg = Release|Any CPU
		{67B0D689-4324-45A7-A17E-03E4FD0CB386}.Release|Any CPU.Build.0 = Release|Any CPU
		{14BE3145-C0A1-472C-B229-C9EF3B798312}.Debug|Any CPU.ActiveCfg = Debug|Any CPU
		{14BE3145-C0A1-472C-B229-C9EF3B798312}.Debug|Any CPU.Build.0 = Debug|Any CPU
		{14BE3145-C0A1-472C-B229-C9EF3B798312}.Release|Any CPU.ActiveCfg = Release|Any CPU
		{14BE3145-C0A1-472C-B229-C9EF3B798312}.Release|Any CPU.Build.0 = Release|Any CPU
		{35AE2BEA-066D-4764-AF51-DA179299A7BE}.Debug|Any CPU.ActiveCfg = Debug|Any CPU
		{35AE2BEA-066D-4764-AF51-DA179299A7BE}.Debug|Any CPU.Build.0 = Debug|Any CPU
		{35AE2BEA-066D-4764-AF51-DA179299A7BE}.Release|Any CPU.ActiveCfg = Release|Any CPU
		{35AE2BEA-066D-4764-AF51-DA179299A7BE}.Release|Any CPU.Build.0 = Release|Any CPU
		{80381368-144D-4CAE-8FA7-56E8E5AF5B60}.Debug|Any CPU.ActiveCfg = Debug|Any CPU
		{80381368-144D-4CAE-8FA7-56E8E5AF5B60}.Debug|Any CPU.Build.0 = Debug|Any CPU
		{80381368-144D-4CAE-8FA7-56E8E5AF5B60}.Release|Any CPU.ActiveCfg = Release|Any CPU
		{80381368-144D-4CAE-8FA7-56E8E5AF5B60}.Release|Any CPU.Build.0 = Release|Any CPU
		{9EBDE18F-F155-4C30-AEDC-624D4AA13E8C}.Debug|Any CPU.ActiveCfg = Debug|Any CPU
		{9EBDE18F-F155-4C30-AEDC-624D4AA13E8C}.Debug|Any CPU.Build.0 = Debug|Any CPU
		{9EBDE18F-F155-4C30-AEDC-624D4AA13E8C}.Release|Any CPU.ActiveCfg = Release|Any CPU
		{9EBDE18F-F155-4C30-AEDC-624D4AA13E8C}.Release|Any CPU.Build.0 = Release|Any CPU
		{E7958F5B-AEBF-45B4-B5C6-268117E44D2B}.Debug|Any CPU.ActiveCfg = Debug|Any CPU
		{E7958F5B-AEBF-45B4-B5C6-268117E44D2B}.Debug|Any CPU.Build.0 = Debug|Any CPU
		{E7958F5B-AEBF-45B4-B5C6-268117E44D2B}.Release|Any CPU.ActiveCfg = Release|Any CPU
		{E7958F5B-AEBF-45B4-B5C6-268117E44D2B}.Release|Any CPU.Build.0 = Release|Any CPU
		{7533069F-CC26-4B2F-8F23-4D5451C75538}.Debug|Any CPU.ActiveCfg = Debug|Any CPU
		{7533069F-CC26-4B2F-8F23-4D5451C75538}.Debug|Any CPU.Build.0 = Debug|Any CPU
		{7533069F-CC26-4B2F-8F23-4D5451C75538}.Release|Any CPU.ActiveCfg = Release|Any CPU
		{7533069F-CC26-4B2F-8F23-4D5451C75538}.Release|Any CPU.Build.0 = Release|Any CPU
		{F40FDE7D-9B87-4D3D-AEBE-8CA1CF29A10A}.Debug|Any CPU.ActiveCfg = Debug|Any CPU
		{F40FDE7D-9B87-4D3D-AEBE-8CA1CF29A10A}.Debug|Any CPU.Build.0 = Debug|Any CPU
		{F40FDE7D-9B87-4D3D-AEBE-8CA1CF29A10A}.Release|Any CPU.ActiveCfg = Release|Any CPU
		{F40FDE7D-9B87-4D3D-AEBE-8CA1CF29A10A}.Release|Any CPU.Build.0 = Release|Any CPU
		{A4B18C4B-9CE4-4C07-9363-1AA7939000B2}.Debug|Any CPU.ActiveCfg = Debug|Any CPU
		{A4B18C4B-9CE4-4C07-9363-1AA7939000B2}.Debug|Any CPU.Build.0 = Debug|Any CPU
		{A4B18C4B-9CE4-4C07-9363-1AA7939000B2}.Release|Any CPU.ActiveCfg = Release|Any CPU
		{A4B18C4B-9CE4-4C07-9363-1AA7939000B2}.Release|Any CPU.Build.0 = Release|Any CPU
		{F88380A1-CA54-4091-BF92-5C765CC2D3C5}.Debug|Any CPU.ActiveCfg = Debug|Any CPU
		{F88380A1-CA54-4091-BF92-5C765CC2D3C5}.Debug|Any CPU.Build.0 = Debug|Any CPU
		{F88380A1-CA54-4091-BF92-5C765CC2D3C5}.Release|Any CPU.ActiveCfg = Release|Any CPU
		{F88380A1-CA54-4091-BF92-5C765CC2D3C5}.Release|Any CPU.Build.0 = Release|Any CPU
		{B8430DC2-421A-4688-99CC-ABDBF983F925}.Debug|Any CPU.ActiveCfg = Debug|Any CPU
		{B8430DC2-421A-4688-99CC-ABDBF983F925}.Debug|Any CPU.Build.0 = Debug|Any CPU
		{B8430DC2-421A-4688-99CC-ABDBF983F925}.Release|Any CPU.ActiveCfg = Release|Any CPU
		{B8430DC2-421A-4688-99CC-ABDBF983F925}.Release|Any CPU.Build.0 = Release|Any CPU
		{6DE0B192-9B44-4771-A888-3581D638C8A1}.Debug|Any CPU.ActiveCfg = Debug|Any CPU
		{6DE0B192-9B44-4771-A888-3581D638C8A1}.Debug|Any CPU.Build.0 = Debug|Any CPU
		{6DE0B192-9B44-4771-A888-3581D638C8A1}.Release|Any CPU.ActiveCfg = Release|Any CPU
		{6DE0B192-9B44-4771-A888-3581D638C8A1}.Release|Any CPU.Build.0 = Release|Any CPU
	EndGlobalSection
	GlobalSection(SolutionProperties) = preSolution
		HideSolutionNode = FALSE
	EndGlobalSection
	GlobalSection(NestedProjects) = preSolution
		{EE9215C6-01C1-4835-8514-3A708F9291F1} = {62AD4585-D397-4417-97F1-67A03C881157}
		{DDBB14B8-2B35-4B8B-83A9-4447D1E7B19B} = {62AD4585-D397-4417-97F1-67A03C881157}
		{1561FB75-F36A-44DC-BBA7-DA15DFF997ED} = {684FD96D-C698-4761-8E2C-6B4C08759B77}
		{C94967B9-731F-4F59-ABFD-685E3D03B298} = {684FD96D-C698-4761-8E2C-6B4C08759B77}
		{76C7D33E-964D-4738-8A01-F7D70B628F10} = {D0040AB2-4D89-4BBE-B1CB-FAB64E741336}
		{163492F4-4E03-4155-B5F2-3620C211B2E7} = {D0040AB2-4D89-4BBE-B1CB-FAB64E741336}
		{D0040AB2-4D89-4BBE-B1CB-FAB64E741336} = {62AD4585-D397-4417-97F1-67A03C881157}
		{74A9E843-D673-4171-8A52-43D10FE42380} = {684FD96D-C698-4761-8E2C-6B4C08759B77}
		{8B76BD3E-AC5B-40DD-83E8-2507A6D30168} = {D0040AB2-4D89-4BBE-B1CB-FAB64E741336}
		{1191AF7E-662E-40D4-A2F1-2C5FD4BCBDC2} = {EC672BE5-D20E-4EF7-8C0F-D436540FFF9A}
		{C9D7BA42-87BF-4AA5-88D7-041DD8FC3D79} = {EC672BE5-D20E-4EF7-8C0F-D436540FFF9A}
		{811B3AE4-4BF7-4CAD-991C-567D6377F428} = {EC672BE5-D20E-4EF7-8C0F-D436540FFF9A}
		{1CD9CD76-65C7-47B7-A7BA-F09A9459E3E1} = {62AD4585-D397-4417-97F1-67A03C881157}
		{67B0D689-4324-45A7-A17E-03E4FD0CB386} = {684FD96D-C698-4761-8E2C-6B4C08759B77}
		{14BE3145-C0A1-472C-B229-C9EF3B798312} = {EC672BE5-D20E-4EF7-8C0F-D436540FFF9A}
		{35AE2BEA-066D-4764-AF51-DA179299A7BE} = {D0040AB2-4D89-4BBE-B1CB-FAB64E741336}
		{EC672BE5-D20E-4EF7-8C0F-D436540FFF9A} = {62AD4585-D397-4417-97F1-67A03C881157}
		{684FD96D-C698-4761-8E2C-6B4C08759B77} = {62AD4585-D397-4417-97F1-67A03C881157}
		{80381368-144D-4CAE-8FA7-56E8E5AF5B60} = {62AD4585-D397-4417-97F1-67A03C881157}
		{9EBDE18F-F155-4C30-AEDC-624D4AA13E8C} = {5B9888C0-1422-447C-9246-D74B85BBB081}
		{E7958F5B-AEBF-45B4-B5C6-268117E44D2B} = {5B9888C0-1422-447C-9246-D74B85BBB081}
		{957BAA80-422B-4231-BEC1-D03FD89425A2} = {5B9888C0-1422-447C-9246-D74B85BBB081}
		{7533069F-CC26-4B2F-8F23-4D5451C75538} = {957BAA80-422B-4231-BEC1-D03FD89425A2}
		{F40FDE7D-9B87-4D3D-AEBE-8CA1CF29A10A} = {957BAA80-422B-4231-BEC1-D03FD89425A2}
		{A4B18C4B-9CE4-4C07-9363-1AA7939000B2} = {957BAA80-422B-4231-BEC1-D03FD89425A2}
		{F88380A1-CA54-4091-BF92-5C765CC2D3C5} = {957BAA80-422B-4231-BEC1-D03FD89425A2}
		{6500EB02-9E5D-4FDF-AAEC-84B831B4E396} = {5B9888C0-1422-447C-9246-D74B85BBB081}
		{B8430DC2-421A-4688-99CC-ABDBF983F925} = {6500EB02-9E5D-4FDF-AAEC-84B831B4E396}
		{6DE0B192-9B44-4771-A888-3581D638C8A1} = {5B9888C0-1422-447C-9246-D74B85BBB081}
	EndGlobalSection
	GlobalSection(ExtensibilityGlobals) = postSolution
		SolutionGuid = {FBAE082A-173A-4F13-BE31-E6C070513C9C}
	EndGlobalSection
EndGlobal
