
Microsoft Visual Studio Solution File, Format Version 12.00
# Visual Studio Version 16
VisualStudioVersion = 16.0.28803.452
MinimumVisualStudioVersion = 10.0.40219.1
Project("{FAE04EC0-301F-11D3-BF4B-00C04F79EFBC}") = "ScottPlot", "ScottPlot\ScottPlot.csproj", "{EE9215C6-01C1-4835-8514-3A708F9291F1}"
EndProject
Project("{2150E333-8FDC-42A3-9474-1A3956D46DE8}") = "Demos", "Demos", "{2F78F109-9976-42FF-8324-9A27EF3BD776}"
EndProject
Project("{2150E333-8FDC-42A3-9474-1A3956D46DE8}") = "Cookbook", "Cookbook", "{99FC7B64-7C92-4657-B59B-8D83ECE6ED5A}"
EndProject
Project("{FAE04EC0-301F-11D3-BF4B-00C04F79EFBC}") = "animated sine wave", "..\demos\src\animated-sin\animated sine wave.csproj", "{A4F0ACF5-19C2-47D8-A220-CFE7A6670E70}"
EndProject
Project("{FAE04EC0-301F-11D3-BF4B-00C04F79EFBC}") = "audio monitor", "..\demos\src\audio-monitor\audio monitor.csproj", "{2E6961D3-B575-4412-84B5-779171B6E2B6}"
EndProject
Project("{FAE04EC0-301F-11D3-BF4B-00C04F79EFBC}") = "bar graph", "..\demos\src\bar-graph\bar graph.csproj", "{1CD22B04-073A-4B68-A58D-6376A012F68C}"
EndProject
Project("{FAE04EC0-301F-11D3-BF4B-00C04F79EFBC}") = "custom grid", "..\demos\src\custom-grid\custom grid.csproj", "{327A566E-F3C4-461F-8301-3B115A96255C}"
EndProject
Project("{FAE04EC0-301F-11D3-BF4B-00C04F79EFBC}") = "draggable axis lines", "..\demos\src\draggable-axis-lines\draggable axis lines.csproj", "{510F292C-D3FD-4C50-B4BE-D554F4CC5302}"
EndProject
Project("{FAE04EC0-301F-11D3-BF4B-00C04F79EFBC}") = "errorbars", "..\demos\src\errorbars\errorbars.csproj", "{D680FD7B-9FEE-4AE4-A617-A911740428E5}"
EndProject
Project("{FAE04EC0-301F-11D3-BF4B-00C04F79EFBC}") = "financial charting", "..\demos\src\financial-charting\financial charting.csproj", "{D8B701C1-456D-4252-8455-8E4920C0F85A}"
EndProject
Project("{FAE04EC0-301F-11D3-BF4B-00C04F79EFBC}") = "histogram", "..\demos\src\histogram\histogram.csproj", "{EC9F6EEA-CA64-4166-B851-4102B1CD9030}"
EndProject
Project("{FAE04EC0-301F-11D3-BF4B-00C04F79EFBC}") = "incoming data", "..\demos\src\incoming-data\incoming data.csproj", "{D245F573-FDDE-4FCB-B187-3910AD8515AF}"
EndProject
Project("{FAE04EC0-301F-11D3-BF4B-00C04F79EFBC}") = "legend", "..\demos\src\legend\legend.csproj", "{97C4E8D4-A215-49A9-9A82-31F7F8C004A9}"
EndProject
Project("{FAE04EC0-301F-11D3-BF4B-00C04F79EFBC}") = "plot types", "..\demos\src\plot-types\plot types.csproj", "{457437C7-31D2-4823-AC19-5241586DC861}"
EndProject
Project("{FAE04EC0-301F-11D3-BF4B-00C04F79EFBC}") = "quickstart console", "..\demos\src\quickstart-console\quickstart console.csproj", "{C1520C6F-3F2A-40FD-9097-472D5FCA06FB}"
EndProject
Project("{FAE04EC0-301F-11D3-BF4B-00C04F79EFBC}") = "quickstart winforms", "..\demos\src\quickstart-winforms\quickstart winforms.csproj", "{BFF99DC8-D811-4F0B-A229-EE0AFBF838E4}"
EndProject
Project("{FAE04EC0-301F-11D3-BF4B-00C04F79EFBC}") = "quickstart wpf", "..\demos\src\quickstart-wpf\quickstart wpf.csproj", "{B185493F-A7E2-46A4-8E43-D88F47325D87}"
EndProject
Project("{FAE04EC0-301F-11D3-BF4B-00C04F79EFBC}") = "ScottPlot Cookbook", "..\cookbook\src\ScottPlot Cookbook.csproj", "{473A8B7C-EDD0-434C-8B02-EA1972D9B4E2}"
EndProject
Global
	GlobalSection(SolutionConfigurationPlatforms) = preSolution
		Debug|Any CPU = Debug|Any CPU
		Release|Any CPU = Release|Any CPU
	EndGlobalSection
	GlobalSection(ProjectConfigurationPlatforms) = postSolution
		{EE9215C6-01C1-4835-8514-3A708F9291F1}.Debug|Any CPU.ActiveCfg = Debug|Any CPU
		{EE9215C6-01C1-4835-8514-3A708F9291F1}.Debug|Any CPU.Build.0 = Debug|Any CPU
		{EE9215C6-01C1-4835-8514-3A708F9291F1}.Release|Any CPU.ActiveCfg = Release|Any CPU
		{EE9215C6-01C1-4835-8514-3A708F9291F1}.Release|Any CPU.Build.0 = Release|Any CPU
		{A4F0ACF5-19C2-47D8-A220-CFE7A6670E70}.Debug|Any CPU.ActiveCfg = Debug|Any CPU
		{A4F0ACF5-19C2-47D8-A220-CFE7A6670E70}.Debug|Any CPU.Build.0 = Debug|Any CPU
		{A4F0ACF5-19C2-47D8-A220-CFE7A6670E70}.Release|Any CPU.ActiveCfg = Release|Any CPU
		{A4F0ACF5-19C2-47D8-A220-CFE7A6670E70}.Release|Any CPU.Build.0 = Release|Any CPU
		{2E6961D3-B575-4412-84B5-779171B6E2B6}.Debug|Any CPU.ActiveCfg = Debug|Any CPU
		{2E6961D3-B575-4412-84B5-779171B6E2B6}.Debug|Any CPU.Build.0 = Debug|Any CPU
		{2E6961D3-B575-4412-84B5-779171B6E2B6}.Release|Any CPU.ActiveCfg = Release|Any CPU
		{2E6961D3-B575-4412-84B5-779171B6E2B6}.Release|Any CPU.Build.0 = Release|Any CPU
		{1CD22B04-073A-4B68-A58D-6376A012F68C}.Debug|Any CPU.ActiveCfg = Debug|Any CPU
		{1CD22B04-073A-4B68-A58D-6376A012F68C}.Debug|Any CPU.Build.0 = Debug|Any CPU
		{1CD22B04-073A-4B68-A58D-6376A012F68C}.Release|Any CPU.ActiveCfg = Release|Any CPU
		{1CD22B04-073A-4B68-A58D-6376A012F68C}.Release|Any CPU.Build.0 = Release|Any CPU
		{327A566E-F3C4-461F-8301-3B115A96255C}.Debug|Any CPU.ActiveCfg = Debug|Any CPU
		{327A566E-F3C4-461F-8301-3B115A96255C}.Debug|Any CPU.Build.0 = Debug|Any CPU
		{327A566E-F3C4-461F-8301-3B115A96255C}.Release|Any CPU.ActiveCfg = Release|Any CPU
		{327A566E-F3C4-461F-8301-3B115A96255C}.Release|Any CPU.Build.0 = Release|Any CPU
		{510F292C-D3FD-4C50-B4BE-D554F4CC5302}.Debug|Any CPU.ActiveCfg = Debug|Any CPU
		{510F292C-D3FD-4C50-B4BE-D554F4CC5302}.Debug|Any CPU.Build.0 = Debug|Any CPU
		{510F292C-D3FD-4C50-B4BE-D554F4CC5302}.Release|Any CPU.ActiveCfg = Release|Any CPU
		{510F292C-D3FD-4C50-B4BE-D554F4CC5302}.Release|Any CPU.Build.0 = Release|Any CPU
		{D680FD7B-9FEE-4AE4-A617-A911740428E5}.Debug|Any CPU.ActiveCfg = Debug|Any CPU
		{D680FD7B-9FEE-4AE4-A617-A911740428E5}.Debug|Any CPU.Build.0 = Debug|Any CPU
		{D680FD7B-9FEE-4AE4-A617-A911740428E5}.Release|Any CPU.ActiveCfg = Release|Any CPU
		{D680FD7B-9FEE-4AE4-A617-A911740428E5}.Release|Any CPU.Build.0 = Release|Any CPU
		{D8B701C1-456D-4252-8455-8E4920C0F85A}.Debug|Any CPU.ActiveCfg = Debug|Any CPU
		{D8B701C1-456D-4252-8455-8E4920C0F85A}.Debug|Any CPU.Build.0 = Debug|Any CPU
		{D8B701C1-456D-4252-8455-8E4920C0F85A}.Release|Any CPU.ActiveCfg = Release|Any CPU
		{D8B701C1-456D-4252-8455-8E4920C0F85A}.Release|Any CPU.Build.0 = Release|Any CPU
		{EC9F6EEA-CA64-4166-B851-4102B1CD9030}.Debug|Any CPU.ActiveCfg = Debug|Any CPU
		{EC9F6EEA-CA64-4166-B851-4102B1CD9030}.Debug|Any CPU.Build.0 = Debug|Any CPU
		{EC9F6EEA-CA64-4166-B851-4102B1CD9030}.Release|Any CPU.ActiveCfg = Release|Any CPU
		{EC9F6EEA-CA64-4166-B851-4102B1CD9030}.Release|Any CPU.Build.0 = Release|Any CPU
		{D245F573-FDDE-4FCB-B187-3910AD8515AF}.Debug|Any CPU.ActiveCfg = Debug|Any CPU
		{D245F573-FDDE-4FCB-B187-3910AD8515AF}.Debug|Any CPU.Build.0 = Debug|Any CPU
		{D245F573-FDDE-4FCB-B187-3910AD8515AF}.Release|Any CPU.ActiveCfg = Release|Any CPU
		{D245F573-FDDE-4FCB-B187-3910AD8515AF}.Release|Any CPU.Build.0 = Release|Any CPU
		{97C4E8D4-A215-49A9-9A82-31F7F8C004A9}.Debug|Any CPU.ActiveCfg = Debug|Any CPU
		{97C4E8D4-A215-49A9-9A82-31F7F8C004A9}.Debug|Any CPU.Build.0 = Debug|Any CPU
		{97C4E8D4-A215-49A9-9A82-31F7F8C004A9}.Release|Any CPU.ActiveCfg = Release|Any CPU
		{97C4E8D4-A215-49A9-9A82-31F7F8C004A9}.Release|Any CPU.Build.0 = Release|Any CPU
		{457437C7-31D2-4823-AC19-5241586DC861}.Debug|Any CPU.ActiveCfg = Debug|Any CPU
		{457437C7-31D2-4823-AC19-5241586DC861}.Debug|Any CPU.Build.0 = Debug|Any CPU
		{457437C7-31D2-4823-AC19-5241586DC861}.Release|Any CPU.ActiveCfg = Release|Any CPU
		{457437C7-31D2-4823-AC19-5241586DC861}.Release|Any CPU.Build.0 = Release|Any CPU
		{C1520C6F-3F2A-40FD-9097-472D5FCA06FB}.Debug|Any CPU.ActiveCfg = Debug|Any CPU
		{C1520C6F-3F2A-40FD-9097-472D5FCA06FB}.Debug|Any CPU.Build.0 = Debug|Any CPU
		{C1520C6F-3F2A-40FD-9097-472D5FCA06FB}.Release|Any CPU.ActiveCfg = Release|Any CPU
		{C1520C6F-3F2A-40FD-9097-472D5FCA06FB}.Release|Any CPU.Build.0 = Release|Any CPU
		{BFF99DC8-D811-4F0B-A229-EE0AFBF838E4}.Debug|Any CPU.ActiveCfg = Debug|Any CPU
		{BFF99DC8-D811-4F0B-A229-EE0AFBF838E4}.Debug|Any CPU.Build.0 = Debug|Any CPU
		{BFF99DC8-D811-4F0B-A229-EE0AFBF838E4}.Release|Any CPU.ActiveCfg = Release|Any CPU
		{BFF99DC8-D811-4F0B-A229-EE0AFBF838E4}.Release|Any CPU.Build.0 = Release|Any CPU
		{B185493F-A7E2-46A4-8E43-D88F47325D87}.Debug|Any CPU.ActiveCfg = Debug|Any CPU
		{B185493F-A7E2-46A4-8E43-D88F47325D87}.Debug|Any CPU.Build.0 = Debug|Any CPU
		{B185493F-A7E2-46A4-8E43-D88F47325D87}.Release|Any CPU.ActiveCfg = Release|Any CPU
		{B185493F-A7E2-46A4-8E43-D88F47325D87}.Release|Any CPU.Build.0 = Release|Any CPU
		{473A8B7C-EDD0-434C-8B02-EA1972D9B4E2}.Debug|Any CPU.ActiveCfg = Debug|Any CPU
		{473A8B7C-EDD0-434C-8B02-EA1972D9B4E2}.Debug|Any CPU.Build.0 = Debug|Any CPU
		{473A8B7C-EDD0-434C-8B02-EA1972D9B4E2}.Release|Any CPU.ActiveCfg = Release|Any CPU
		{473A8B7C-EDD0-434C-8B02-EA1972D9B4E2}.Release|Any CPU.Build.0 = Release|Any CPU
	EndGlobalSection
	GlobalSection(SolutionProperties) = preSolution
		HideSolutionNode = FALSE
	EndGlobalSection
	GlobalSection(NestedProjects) = preSolution
		{A4F0ACF5-19C2-47D8-A220-CFE7A6670E70} = {2F78F109-9976-42FF-8324-9A27EF3BD776}
		{2E6961D3-B575-4412-84B5-779171B6E2B6} = {2F78F109-9976-42FF-8324-9A27EF3BD776}
		{1CD22B04-073A-4B68-A58D-6376A012F68C} = {2F78F109-9976-42FF-8324-9A27EF3BD776}
		{327A566E-F3C4-461F-8301-3B115A96255C} = {2F78F109-9976-42FF-8324-9A27EF3BD776}
		{510F292C-D3FD-4C50-B4BE-D554F4CC5302} = {2F78F109-9976-42FF-8324-9A27EF3BD776}
		{D680FD7B-9FEE-4AE4-A617-A911740428E5} = {2F78F109-9976-42FF-8324-9A27EF3BD776}
		{D8B701C1-456D-4252-8455-8E4920C0F85A} = {2F78F109-9976-42FF-8324-9A27EF3BD776}
		{EC9F6EEA-CA64-4166-B851-4102B1CD9030} = {2F78F109-9976-42FF-8324-9A27EF3BD776}
		{D245F573-FDDE-4FCB-B187-3910AD8515AF} = {2F78F109-9976-42FF-8324-9A27EF3BD776}
		{97C4E8D4-A215-49A9-9A82-31F7F8C004A9} = {2F78F109-9976-42FF-8324-9A27EF3BD776}
		{457437C7-31D2-4823-AC19-5241586DC861} = {2F78F109-9976-42FF-8324-9A27EF3BD776}
		{C1520C6F-3F2A-40FD-9097-472D5FCA06FB} = {2F78F109-9976-42FF-8324-9A27EF3BD776}
		{BFF99DC8-D811-4F0B-A229-EE0AFBF838E4} = {2F78F109-9976-42FF-8324-9A27EF3BD776}
		{B185493F-A7E2-46A4-8E43-D88F47325D87} = {2F78F109-9976-42FF-8324-9A27EF3BD776}
		{473A8B7C-EDD0-434C-8B02-EA1972D9B4E2} = {99FC7B64-7C92-4657-B59B-8D83ECE6ED5A}
	EndGlobalSection
	GlobalSection(ExtensibilityGlobals) = postSolution
		SolutionGuid = {FBAE082A-173A-4F13-BE31-E6C070513C9C}
	EndGlobalSection
EndGlobal
