
Microsoft Visual Studio Solution File, Format Version 12.00
# Visual Studio Version 16
VisualStudioVersion = 16.0.28803.452
MinimumVisualStudioVersion = 10.0.40219.1
Project("{FAE04EC0-301F-11D3-BF4B-00C04F79EFBC}") = "ScottPlot", "ScottPlot\ScottPlot.csproj", "{EE9215C6-01C1-4835-8514-3A708F9291F1}"
EndProject
Project("{FAE04EC0-301F-11D3-BF4B-00C04F79EFBC}") = "ScottPlot Cookbook", "..\cookbook\src\ScottPlot Cookbook.csproj", "{473A8B7C-EDD0-434C-8B02-EA1972D9B4E2}"
EndProject
Project("{FAE04EC0-301F-11D3-BF4B-00C04F79EFBC}") = "ScottPlot Tests", "..\tests\ScottPlotTests\ScottPlot Tests.csproj", "{953AB099-D640-4693-ABE2-58AB3872571D}"
EndProject
Project("{FAE04EC0-301F-11D3-BF4B-00C04F79EFBC}") = "ScottPlot Demos", "..\demos\ScottPlotDemos\ScottPlot Demos.csproj", "{131209BD-82D1-4D8E-A253-BD264563B4D5}"
EndProject
Global
	GlobalSection(SolutionConfigurationPlatforms) = preSolution
		Debug|Any CPU = Debug|Any CPU
		Release|Any CPU = Release|Any CPU
	EndGlobalSection
	GlobalSection(ProjectConfigurationPlatforms) = postSolution
		{EE9215C6-01C1-4835-8514-3A708F9291F1}.Debug|Any CPU.ActiveCfg = Debug|Any CPU
		{EE9215C6-01C1-4835-8514-3A708F9291F1}.Debug|Any CPU.Build.0 = Debug|Any CPU
		{EE9215C6-01C1-4835-8514-3A708F9291F1}.Release|Any CPU.ActiveCfg = Release|Any CPU
		{EE9215C6-01C1-4835-8514-3A708F9291F1}.Release|Any CPU.Build.0 = Release|Any CPU
		{473A8B7C-EDD0-434C-8B02-EA1972D9B4E2}.Debug|Any CPU.ActiveCfg = Debug|Any CPU
		{473A8B7C-EDD0-434C-8B02-EA1972D9B4E2}.Debug|Any CPU.Build.0 = Debug|Any CPU
		{473A8B7C-EDD0-434C-8B02-EA1972D9B4E2}.Release|Any CPU.ActiveCfg = Release|Any CPU
		{473A8B7C-EDD0-434C-8B02-EA1972D9B4E2}.Release|Any CPU.Build.0 = Release|Any CPU
		{953AB099-D640-4693-ABE2-58AB3872571D}.Debug|Any CPU.ActiveCfg = Debug|Any CPU
		{953AB099-D640-4693-ABE2-58AB3872571D}.Debug|Any CPU.Build.0 = Debug|Any CPU
		{953AB099-D640-4693-ABE2-58AB3872571D}.Release|Any CPU.ActiveCfg = Release|Any CPU
		{953AB099-D640-4693-ABE2-58AB3872571D}.Release|Any CPU.Build.0 = Release|Any CPU
		{131209BD-82D1-4D8E-A253-BD264563B4D5}.Debug|Any CPU.ActiveCfg = Debug|Any CPU
		{131209BD-82D1-4D8E-A253-BD264563B4D5}.Debug|Any CPU.Build.0 = Debug|Any CPU
		{131209BD-82D1-4D8E-A253-BD264563B4D5}.Release|Any CPU.ActiveCfg = Release|Any CPU
		{131209BD-82D1-4D8E-A253-BD264563B4D5}.Release|Any CPU.Build.0 = Release|Any CPU
	EndGlobalSection
	GlobalSection(SolutionProperties) = preSolution
		HideSolutionNode = FALSE
	EndGlobalSection
	GlobalSection(ExtensibilityGlobals) = postSolution
		SolutionGuid = {FBAE082A-173A-4F13-BE31-E6C070513C9C}
	EndGlobalSection
EndGlobal
