
Microsoft Visual Studio Solution File, Format Version 12.00
# Visual Studio Version 16
VisualStudioVersion = 16.0.28803.452
MinimumVisualStudioVersion = 10.0.40219.1
Project("{9A19103F-16F7-4668-BE54-9A1E7A4F7556}") = "ScottPlot", "ScottPlot\ScottPlot.csproj", "{EE9215C6-01C1-4835-8514-3A708F9291F1}"
EndProject
Project("{9A19103F-16F7-4668-BE54-9A1E7A4F7556}") = "ScottPlotTests", "..\tests\ScottPlotTests.csproj", "{DDBB14B8-2B35-4B8B-83A9-4447D1E7B19B}"
EndProject
Project("{9A19103F-16F7-4668-BE54-9A1E7A4F7556}") = "ScottPlot.WinForms", "ScottPlot.WinForms\ScottPlot.WinForms.csproj", "{1561FB75-F36A-44DC-BBA7-DA15DFF997ED}"
EndProject
Project("{9A19103F-16F7-4668-BE54-9A1E7A4F7556}") = "ScottPlot.WPF", "ScottPlot.WPF\ScottPlot.WPF.csproj", "{C94967B9-731F-4F59-ABFD-685E3D03B298}"
EndProject
Project("{2150E333-8FDC-42A3-9474-1A3956D46DE8}") = "source", "source", "{E6E0010E-1E4C-4C31-849D-BCB35CCA1B7B}"
	ProjectSection(SolutionItems) = preProject
		.editorconfig = .editorconfig
	EndProjectSection
EndProject
Project("{2150E333-8FDC-42A3-9474-1A3956D46DE8}") = "tests", "tests", "{51A4D74A-B544-410A-B5F7-07949CA8BE4A}"
EndProject
Project("{9A19103F-16F7-4668-BE54-9A1E7A4F7556}") = "ScottPlot.Demo", "ScottPlot.Demo\ScottPlot.Demo.csproj", "{79472430-FD93-4235-B0EE-DA4BADF3A3E0}"
EndProject
Project("{9A19103F-16F7-4668-BE54-9A1E7A4F7556}") = "ScottPlot.Demo.WPF", "ScottPlot.Demo.WPF\ScottPlot.Demo.WPF.csproj", "{76C7D33E-964D-4738-8A01-F7D70B628F10}"
EndProject
Project("{FAE04EC0-301F-11D3-BF4B-00C04F79EFBC}") = "ScottPlot.Demo.WinForms", "ScottPlot.Demo.WinForms\ScottPlot.Demo.WinForms.csproj", "{163492F4-4E03-4155-B5F2-3620C211B2E7}"
EndProject
Project("{2150E333-8FDC-42A3-9474-1A3956D46DE8}") = "dev", "dev", "{35F8F55D-8E1E-44BC-9DE2-C60DCD42BDCB}"
	ProjectSection(SolutionItems) = preProject
		..\dev\devops\azure-pipelines.yml = ..\dev\devops\azure-pipelines.yml
		..\dev\changelog.md = ..\dev\changelog.md
		..\dev\roadmap.md = ..\dev\roadmap.md
	EndProjectSection
EndProject
Project("{9A19103F-16F7-4668-BE54-9A1E7A4F7556}") = "ScottPlotDevTools", "..\dev\devops\ScottPlotDevTools\ScottPlotDevTools.csproj", "{27D1A59C-6CF8-4961-BD98-6AA56F397A8A}"
EndProject
Project("{FAE04EC0-301F-11D3-BF4B-00C04F79EFBC}") = "FormsPlotSandbox", "..\dev\FormsPlotSandbox\FormsPlotSandbox.csproj", "{78CC0DA0-F9FD-4377-9122-0A33EE87469E}"
EndProject
Project("{FAE04EC0-301F-11D3-BF4B-00C04F79EFBC}") = "Benchmark", "..\dev\Benchmark\Benchmark.csproj", "{6728B44A-30EB-4A34-B9C7-A0E3AEB11C9C}"
EndProject
Project("{2150E333-8FDC-42A3-9474-1A3956D46DE8}") = "demo", "demo", "{D0040AB2-4D89-4BBE-B1CB-FAB64E741336}"
EndProject
Project("{FAE04EC0-301F-11D3-BF4B-00C04F79EFBC}") = "ColormapGenerator", "..\dev\ColormapGenerator\ColormapGenerator.csproj", "{7C110586-1835-4273-ADE5-E9EF29B750EC}"
EndProject
Project("{9A19103F-16F7-4668-BE54-9A1E7A4F7556}") = "ScottPlot.Avalonia", "ScottPlot.Avalonia\ScottPlot.Avalonia.csproj", "{74A9E843-D673-4171-8A52-43D10FE42380}"
EndProject
Project("{9A19103F-16F7-4668-BE54-9A1E7A4F7556}") = "ScottPlot.Demo.Avalonia", "ScottPlot.Demo.Avalonia\ScottPlot.Demo.Avalonia.csproj", "{8B76BD3E-AC5B-40DD-83E8-2507A6D30168}"
EndProject
Project("{9A19103F-16F7-4668-BE54-9A1E7A4F7556}") = "WpfPlotSandbox", "..\dev\WpfPlotSandbox\WpfPlotSandbox.csproj", "{72B25925-5D71-4F6B-B6C7-867EFE61131D}"
EndProject
Project("{9A19103F-16F7-4668-BE54-9A1E7A4F7556}") = "FormsPlotCoreSandbox", "..\dev\FormsPlotCoreSandbox\FormsPlotCoreSandbox.csproj", "{D95C99DE-B6F4-490B-A9BC-1412F10B2FD5}"
EndProject
Project("{FAE04EC0-301F-11D3-BF4B-00C04F79EFBC}") = "ConsoleSandbox", "..\dev\ConsoleSandbox\ConsoleSandbox.csproj", "{ADC8A697-7D4A-4331-AC41-B5BCCDD4B132}"
EndProject
Global
	GlobalSection(SolutionConfigurationPlatforms) = preSolution
		Debug|Any CPU = Debug|Any CPU
		Release|Any CPU = Release|Any CPU
	EndGlobalSection
	GlobalSection(ProjectConfigurationPlatforms) = postSolution
		{EE9215C6-01C1-4835-8514-3A708F9291F1}.Debug|Any CPU.ActiveCfg = Debug|Any CPU
		{EE9215C6-01C1-4835-8514-3A708F9291F1}.Debug|Any CPU.Build.0 = Debug|Any CPU
		{EE9215C6-01C1-4835-8514-3A708F9291F1}.Release|Any CPU.ActiveCfg = Release|Any CPU
		{EE9215C6-01C1-4835-8514-3A708F9291F1}.Release|Any CPU.Build.0 = Release|Any CPU
		{DDBB14B8-2B35-4B8B-83A9-4447D1E7B19B}.Debug|Any CPU.ActiveCfg = Debug|Any CPU
		{DDBB14B8-2B35-4B8B-83A9-4447D1E7B19B}.Debug|Any CPU.Build.0 = Debug|Any CPU
		{DDBB14B8-2B35-4B8B-83A9-4447D1E7B19B}.Release|Any CPU.ActiveCfg = Release|Any CPU
		{DDBB14B8-2B35-4B8B-83A9-4447D1E7B19B}.Release|Any CPU.Build.0 = Release|Any CPU
		{1561FB75-F36A-44DC-BBA7-DA15DFF997ED}.Debug|Any CPU.ActiveCfg = Debug|Any CPU
		{1561FB75-F36A-44DC-BBA7-DA15DFF997ED}.Debug|Any CPU.Build.0 = Debug|Any CPU
		{1561FB75-F36A-44DC-BBA7-DA15DFF997ED}.Release|Any CPU.ActiveCfg = Release|Any CPU
		{1561FB75-F36A-44DC-BBA7-DA15DFF997ED}.Release|Any CPU.Build.0 = Release|Any CPU
		{C94967B9-731F-4F59-ABFD-685E3D03B298}.Debug|Any CPU.ActiveCfg = Debug|Any CPU
		{C94967B9-731F-4F59-ABFD-685E3D03B298}.Debug|Any CPU.Build.0 = Debug|Any CPU
		{C94967B9-731F-4F59-ABFD-685E3D03B298}.Release|Any CPU.ActiveCfg = Release|Any CPU
		{C94967B9-731F-4F59-ABFD-685E3D03B298}.Release|Any CPU.Build.0 = Release|Any CPU
		{79472430-FD93-4235-B0EE-DA4BADF3A3E0}.Debug|Any CPU.ActiveCfg = Debug|Any CPU
		{79472430-FD93-4235-B0EE-DA4BADF3A3E0}.Debug|Any CPU.Build.0 = Debug|Any CPU
		{79472430-FD93-4235-B0EE-DA4BADF3A3E0}.Release|Any CPU.ActiveCfg = Release|Any CPU
		{79472430-FD93-4235-B0EE-DA4BADF3A3E0}.Release|Any CPU.Build.0 = Release|Any CPU
		{76C7D33E-964D-4738-8A01-F7D70B628F10}.Debug|Any CPU.ActiveCfg = Debug|Any CPU
		{76C7D33E-964D-4738-8A01-F7D70B628F10}.Debug|Any CPU.Build.0 = Debug|Any CPU
		{76C7D33E-964D-4738-8A01-F7D70B628F10}.Release|Any CPU.ActiveCfg = Release|Any CPU
		{76C7D33E-964D-4738-8A01-F7D70B628F10}.Release|Any CPU.Build.0 = Release|Any CPU
		{163492F4-4E03-4155-B5F2-3620C211B2E7}.Debug|Any CPU.ActiveCfg = Debug|Any CPU
		{163492F4-4E03-4155-B5F2-3620C211B2E7}.Debug|Any CPU.Build.0 = Debug|Any CPU
		{163492F4-4E03-4155-B5F2-3620C211B2E7}.Release|Any CPU.ActiveCfg = Release|Any CPU
		{163492F4-4E03-4155-B5F2-3620C211B2E7}.Release|Any CPU.Build.0 = Release|Any CPU
		{27D1A59C-6CF8-4961-BD98-6AA56F397A8A}.Debug|Any CPU.ActiveCfg = Debug|Any CPU
		{27D1A59C-6CF8-4961-BD98-6AA56F397A8A}.Debug|Any CPU.Build.0 = Debug|Any CPU
		{27D1A59C-6CF8-4961-BD98-6AA56F397A8A}.Release|Any CPU.ActiveCfg = Release|Any CPU
		{27D1A59C-6CF8-4961-BD98-6AA56F397A8A}.Release|Any CPU.Build.0 = Release|Any CPU
		{78CC0DA0-F9FD-4377-9122-0A33EE87469E}.Debug|Any CPU.ActiveCfg = Debug|Any CPU
		{78CC0DA0-F9FD-4377-9122-0A33EE87469E}.Debug|Any CPU.Build.0 = Debug|Any CPU
		{78CC0DA0-F9FD-4377-9122-0A33EE87469E}.Release|Any CPU.ActiveCfg = Release|Any CPU
		{78CC0DA0-F9FD-4377-9122-0A33EE87469E}.Release|Any CPU.Build.0 = Release|Any CPU
		{6728B44A-30EB-4A34-B9C7-A0E3AEB11C9C}.Debug|Any CPU.ActiveCfg = Debug|Any CPU
		{6728B44A-30EB-4A34-B9C7-A0E3AEB11C9C}.Debug|Any CPU.Build.0 = Debug|Any CPU
		{6728B44A-30EB-4A34-B9C7-A0E3AEB11C9C}.Release|Any CPU.ActiveCfg = Release|Any CPU
		{6728B44A-30EB-4A34-B9C7-A0E3AEB11C9C}.Release|Any CPU.Build.0 = Release|Any CPU
		{7C110586-1835-4273-ADE5-E9EF29B750EC}.Debug|Any CPU.ActiveCfg = Debug|Any CPU
		{7C110586-1835-4273-ADE5-E9EF29B750EC}.Debug|Any CPU.Build.0 = Debug|Any CPU
		{7C110586-1835-4273-ADE5-E9EF29B750EC}.Release|Any CPU.ActiveCfg = Release|Any CPU
		{7C110586-1835-4273-ADE5-E9EF29B750EC}.Release|Any CPU.Build.0 = Release|Any CPU
		{74A9E843-D673-4171-8A52-43D10FE42380}.Debug|Any CPU.ActiveCfg = Debug|Any CPU
		{74A9E843-D673-4171-8A52-43D10FE42380}.Debug|Any CPU.Build.0 = Debug|Any CPU
		{74A9E843-D673-4171-8A52-43D10FE42380}.Release|Any CPU.ActiveCfg = Release|Any CPU
		{74A9E843-D673-4171-8A52-43D10FE42380}.Release|Any CPU.Build.0 = Release|Any CPU
		{8B76BD3E-AC5B-40DD-83E8-2507A6D30168}.Debug|Any CPU.ActiveCfg = Debug|Any CPU
		{8B76BD3E-AC5B-40DD-83E8-2507A6D30168}.Debug|Any CPU.Build.0 = Debug|Any CPU
		{8B76BD3E-AC5B-40DD-83E8-2507A6D30168}.Release|Any CPU.ActiveCfg = Release|Any CPU
		{8B76BD3E-AC5B-40DD-83E8-2507A6D30168}.Release|Any CPU.Build.0 = Release|Any CPU
		{72B25925-5D71-4F6B-B6C7-867EFE61131D}.Debug|Any CPU.ActiveCfg = Debug|Any CPU
		{72B25925-5D71-4F6B-B6C7-867EFE61131D}.Debug|Any CPU.Build.0 = Debug|Any CPU
		{72B25925-5D71-4F6B-B6C7-867EFE61131D}.Release|Any CPU.ActiveCfg = Release|Any CPU
		{72B25925-5D71-4F6B-B6C7-867EFE61131D}.Release|Any CPU.Build.0 = Release|Any CPU
		{D95C99DE-B6F4-490B-A9BC-1412F10B2FD5}.Debug|Any CPU.ActiveCfg = Debug|Any CPU
		{D95C99DE-B6F4-490B-A9BC-1412F10B2FD5}.Debug|Any CPU.Build.0 = Debug|Any CPU
		{D95C99DE-B6F4-490B-A9BC-1412F10B2FD5}.Release|Any CPU.ActiveCfg = Release|Any CPU
		{D95C99DE-B6F4-490B-A9BC-1412F10B2FD5}.Release|Any CPU.Build.0 = Release|Any CPU
		{ADC8A697-7D4A-4331-AC41-B5BCCDD4B132}.Debug|Any CPU.ActiveCfg = Debug|Any CPU
		{ADC8A697-7D4A-4331-AC41-B5BCCDD4B132}.Debug|Any CPU.Build.0 = Debug|Any CPU
		{ADC8A697-7D4A-4331-AC41-B5BCCDD4B132}.Release|Any CPU.ActiveCfg = Release|Any CPU
		{ADC8A697-7D4A-4331-AC41-B5BCCDD4B132}.Release|Any CPU.Build.0 = Release|Any CPU
	EndGlobalSection
	GlobalSection(SolutionProperties) = preSolution
		HideSolutionNode = FALSE
	EndGlobalSection
	GlobalSection(NestedProjects) = preSolution
		{EE9215C6-01C1-4835-8514-3A708F9291F1} = {E6E0010E-1E4C-4C31-849D-BCB35CCA1B7B}
		{DDBB14B8-2B35-4B8B-83A9-4447D1E7B19B} = {51A4D74A-B544-410A-B5F7-07949CA8BE4A}
		{1561FB75-F36A-44DC-BBA7-DA15DFF997ED} = {E6E0010E-1E4C-4C31-849D-BCB35CCA1B7B}
		{C94967B9-731F-4F59-ABFD-685E3D03B298} = {E6E0010E-1E4C-4C31-849D-BCB35CCA1B7B}
		{79472430-FD93-4235-B0EE-DA4BADF3A3E0} = {D0040AB2-4D89-4BBE-B1CB-FAB64E741336}
		{76C7D33E-964D-4738-8A01-F7D70B628F10} = {D0040AB2-4D89-4BBE-B1CB-FAB64E741336}
		{163492F4-4E03-4155-B5F2-3620C211B2E7} = {D0040AB2-4D89-4BBE-B1CB-FAB64E741336}
		{27D1A59C-6CF8-4961-BD98-6AA56F397A8A} = {35F8F55D-8E1E-44BC-9DE2-C60DCD42BDCB}
		{78CC0DA0-F9FD-4377-9122-0A33EE87469E} = {35F8F55D-8E1E-44BC-9DE2-C60DCD42BDCB}
		{6728B44A-30EB-4A34-B9C7-A0E3AEB11C9C} = {35F8F55D-8E1E-44BC-9DE2-C60DCD42BDCB}
		{7C110586-1835-4273-ADE5-E9EF29B750EC} = {35F8F55D-8E1E-44BC-9DE2-C60DCD42BDCB}
		{74A9E843-D673-4171-8A52-43D10FE42380} = {E6E0010E-1E4C-4C31-849D-BCB35CCA1B7B}
		{8B76BD3E-AC5B-40DD-83E8-2507A6D30168} = {D0040AB2-4D89-4BBE-B1CB-FAB64E741336}
		{72B25925-5D71-4F6B-B6C7-867EFE61131D} = {35F8F55D-8E1E-44BC-9DE2-C60DCD42BDCB}
		{D95C99DE-B6F4-490B-A9BC-1412F10B2FD5} = {35F8F55D-8E1E-44BC-9DE2-C60DCD42BDCB}
		{ADC8A697-7D4A-4331-AC41-B5BCCDD4B132} = {35F8F55D-8E1E-44BC-9DE2-C60DCD42BDCB}
	EndGlobalSection
	GlobalSection(ExtensibilityGlobals) = postSolution
		SolutionGuid = {FBAE082A-173A-4F13-BE31-E6C070513C9C}
	EndGlobalSection
EndGlobal
