
Microsoft Visual Studio Solution File, Format Version 12.00
# Visual Studio Version 17
VisualStudioVersion = 17.2.32630.192
MinimumVisualStudioVersion = 10.0.40219.1
Project("{9A19103F-16F7-4668-BE54-9A1E7A4F7556}") = "ScottPlot.Common", "ScottPlot.Common\ScottPlot.Common.csproj", "{9C2130ED-F1A8-4C61-9613-5AB0A40AE3FA}"
EndProject
Project("{9A19103F-16F7-4668-BE54-9A1E7A4F7556}") = "ScottPlot.Common.Tests", "ScottPlot.Common.Tests\ScottPlot.Common.Tests.csproj", "{2EF5B984-B707-41B3-AD3F-697AF14BEBED}"
EndProject
Global
	GlobalSection(SolutionConfigurationPlatforms) = preSolution
		Debug|Any CPU = Debug|Any CPU
		Release|Any CPU = Release|Any CPU
	EndGlobalSection
	GlobalSection(ProjectConfigurationPlatforms) = postSolution
		{9C2130ED-F1A8-4C61-9613-5AB0A40AE3FA}.Debug|Any CPU.ActiveCfg = Debug|Any CPU
		{9C2130ED-F1A8-4C61-9613-5AB0A40AE3FA}.Debug|Any CPU.Build.0 = Debug|Any CPU
		{9C2130ED-F1A8-4C61-9613-5AB0A40AE3FA}.Release|Any CPU.ActiveCfg = Release|Any CPU
		{9C2130ED-F1A8-4C61-9613-5AB0A40AE3FA}.Release|Any CPU.Build.0 = Release|Any CPU
		{2EF5B984-B707-41B3-AD3F-697AF14BEBED}.Debug|Any CPU.ActiveCfg = Debug|Any CPU
		{2EF5B984-B707-41B3-AD3F-697AF14BEBED}.Debug|Any CPU.Build.0 = Debug|Any CPU
		{2EF5B984-B707-41B3-AD3F-697AF14BEBED}.Release|Any CPU.ActiveCfg = Release|Any CPU
		{2EF5B984-B707-41B3-AD3F-697AF14BEBED}.Release|Any CPU.Build.0 = Release|Any CPU
	EndGlobalSection
	GlobalSection(SolutionProperties) = preSolution
		HideSolutionNode = FALSE
	EndGlobalSection
	GlobalSection(ExtensibilityGlobals) = postSolution
		SolutionGuid = {176DC269-01A1-43B3-B570-A41DFAA5618B}
	EndGlobalSection
EndGlobal
